---
metadata:
  version: "1.0"
artifacts:
  - download_url: "https://huggingface.co/nomic-ai/modernbert-embed-base/resolve/6d6d0692e17d33202f71a60662d4c6f6c0896bd2/model.safetensors"
    checksum: "sha256:69f22ccd1ee0971b6173678c4fcadd29a49a3f5b6b8a6927002418abe4bd5b9c"
    filename: "model.safetensors"
