---
lockfileVersion: 1
lockfileVendor: redhat
arches:
- arch: x86_64
  packages:
  - url: https://cdn-ubi.redhat.com/content/public/ubi/dist/ubi9/9/x86_64/appstream/os/Packages/a/aardvark-dns-1.17.1-1.el9_8.x86_64.rpm
    repoid: rhel-9-for-x86_64-appstream-eus-rpms
    size: 908199
    checksum: sha256:7018a1f963df1cb81c36b02e46132b1d5894e60da4582988bdd22de8650585bb
    name: aardvark-dns
    evr: 2:1.17.1-1.el9_8
    sourcerpm: aardvark-dns-1.17.1-1.el9_8.src.rpm
  - url: https://cdn-ubi.redhat.com/content/public/ubi/dist/ubi9/9/x86_64/appstream/os/Packages/b/buildah-1.43.3-2.el9_8.x86_64.rpm
    repoid: rhel-9-for-x86_64-appstream-eus-rpms
    size: 11152584
    checksum: sha256:ca7f1a2d24381a68b4d683c39d852f96ce6b401af74ed41da67dc7e3a53f7c55
    name: buildah
    evr: 2:1.43.3-2.el9_8
    sourcerpm: buildah-1.43.3-2.el9_8.src.rpm
  - url: https://cdn-ubi.redhat.com/content/public/ubi/dist/ubi9/9/x86_64/appstream/os/Packages/c/containers-common-5.8-1.el9.x86_64.rpm
    repoid: rhel-9-for-x86_64-appstream-eus-rpms
    size: 170139
    checksum: sha256:6db3b80aff7a892ea57ce84c95d0cd62bd70f43b1824009bc9a2ba47bca629d2
    name: containers-common
    evr: 5:5.8-1.el9
    sourcerpm: containers-common-5.8-1.el9.src.rpm
  - url: https://cdn-ubi.redhat.com/content/public/ubi/dist/ubi9/9/x86_64/appstream/os/Packages/c/containers-common-extra-5.8-1.el9.x86_64.rpm
    repoid: rhel-9-for-x86_64-appstream-eus-rpms
    size: 12605
    checksum: sha256:252b7ef1a13dd3c631adbda1396fad73024f4b8b2d9b2a4e06502c46ce761f2e
    name: containers-common-extra
    evr: 5:5.8-1.el9
    sourcerpm: containers-common-5.8-1.el9.src.rpm
  - url: https://cdn-ubi.redhat.com/content/public/ubi/dist/ubi9/9/x86_64/appstream/os/Packages/c/criu-3.19-4.el9_8.x86_64.rpm
    repoid: rhel-9-for-x86_64-appstream-eus-rpms
    size: 575825
    checksum: sha256:8b5d9ead51b4543ed5368b969ad0764f463a5ab448f552610c44cd8e4cde3acf
    name: criu
    evr: 3.19-4.el9_8
    sourcerpm: criu-3.19-4.el9_8.src.rpm
  - url: https://cdn-ubi.redhat.com/content/public/ubi/dist/ubi9/9/x86_64/appstream/os/Packages/c/criu-libs-3.19-4.el9_8.x86_64.rpm
    repoid: rhel-9-for-x86_64-appstream-eus-rpms
    size: 37299
    checksum: sha256:3a9f645c6d495fc465fd65bfe02170e93552567bb45745bc6b8bf1402cd35464
    name: criu-libs
    evr: 3.19-4.el9_8
    sourcerpm: criu-3.19-4.el9_8.src.rpm
  - url: https://cdn-ubi.redhat.com/content/public/ubi/dist/ubi9/9/x86_64/appstream/os/Packages/c/crun-1.27-1.el9_8.x86_64.rpm
    repoid: rhel-9-for-x86_64-appstream-eus-rpms
    size: 268116
    checksum: sha256:0fc29837716c71995f2e7ffe6d11d937260c0eea9fa07beae3d2671cb7363ebd
    name: crun
    evr: 1.27-1.el9_8
    sourcerpm: crun-1.27-1.el9_8.src.rpm
  - url: https://cdn-ubi.redhat.com/content/public/ubi/dist/ubi9/9/x86_64/appstream/os/Packages/f/fuse-overlayfs-1.16-1.el9_7.x86_64.rpm
    repoid: rhel-9-for-x86_64-appstream-eus-rpms
    size: 67299
    checksum: sha256:e5069c6983d99bbd995748e9cd50712b8daaef07750d270c65246278b71fc37a
    name: fuse-overlayfs
    evr: 1.16-1.el9_7
    sourcerpm: fuse-overlayfs-1.16-1.el9_7.src.rpm
  - url: https://cdn-ubi.redhat.com/content/public/ubi/dist/ubi9/9/x86_64/appstream/os/Packages/f/fuse3-3.10.2-9.el9.x86_64.rpm
    repoid: rhel-9-for-x86_64-appstream-eus-rpms
    size: 58706
    checksum: sha256:4674b4ee6150c8f8be01a028a471c209a6be7c0cf78e9450cf28fb01eaed9ea2
    name: fuse3
    evr: 3.10.2-9.el9
    sourcerpm: fuse3-3.10.2-9.el9.src.rpm
  - url: https://cdn-ubi.redhat.com/content/public/ubi/dist/ubi9/9/x86_64/appstream/os/Packages/f/fuse3-libs-3.10.2-9.el9.x86_64.rpm
    repoid: rhel-9-for-x86_64-appstream-eus-rpms
    size: 95573
    checksum: sha256:945e1d95edbce9c7dba52e9317d4564381efa5a1ba48d4bd49a58c85e47cd717
    name: fuse3-libs
    evr: 3.10.2-9.el9
    sourcerpm: fuse3-3.10.2-9.el9.src.rpm
  - url: https://cdn-ubi.redhat.com/content/public/ubi/dist/ubi9/9/x86_64/appstream/os/Packages/g/gawk-all-langpacks-5.1.0-6.el9_8.1.x86_64.rpm
    repoid: rhel-9-for-x86_64-appstream-eus-rpms
    size: 218134
    checksum: sha256:bedaac1d71ca9f41e3398dc413dea2008bfd20799de1b4db14e37ebb7a7ce74d
    name: gawk-all-langpacks
    evr: 5.1.0-6.el9_8.1
    sourcerpm: gawk-5.1.0-6.el9_8.1.src.rpm
  - url: https://cdn-ubi.redhat.com/content/public/ubi/dist/ubi9/9/x86_64/appstream/os/Packages/l/libnet-1.2-7.el9.x86_64.rpm
    repoid: rhel-9-for-x86_64-appstream-eus-rpms
    size: 61278
    checksum: sha256:738b9a7ab78c149487e349d90c384b59031d5763ba687a6b58a4f853671af86b
    name: libnet
    evr: 1.2-7.el9
    sourcerpm: libnet-1.2-7.el9.src.rpm
  - url: https://cdn-ubi.redhat.com/content/public/ubi/dist/ubi9/9/x86_64/appstream/os/Packages/l/libnsl2-2.0.0-1.el9.x86_64.rpm
    repoid: rhel-9-for-x86_64-appstream-eus-rpms
    size: 33287
    checksum: sha256:052f7a182180528ba6e3c4378e5dcfb84640594a3e2e7bbe4f0167381e824ce0
    name: libnsl2
    evr: 2.0.0-1.el9
    sourcerpm: libnsl2-2.0.0-1.el9.src.rpm
  - url: https://cdn-ubi.redhat.com/content/public/ubi/dist/ubi9/9/x86_64/appstream/os/Packages/l/libslirp-4.4.0-8.el9.x86_64.rpm
    repoid: rhel-9-for-x86_64-appstream-eus-rpms
    size: 71992
    checksum: sha256:9bd269ec50504f997683e963481f870bb937c3cfdb54a057e9acca67bf2b7631
    name: libslirp
    evr: 4.4.0-8.el9
    sourcerpm: libslirp-4.4.0-8.el9.src.rpm
  - url: https://cdn-ubi.redhat.com/content/public/ubi/dist/ubi9/9/x86_64/appstream/os/Packages/l/libtool-ltdl-2.4.6-46.el9.x86_64.rpm
    repoid: rhel-9-for-x86_64-appstream-eus-rpms
    size: 38043
    checksum: sha256:44f7303229bdb4c2975f9829e3dd13dc7984e2cb53ef0f85baf894b39f605c38
    name: libtool-ltdl
    evr: 2.4.6-46.el9
    sourcerpm: libtool-2.4.6-46.el9.src.rpm
  - url: https://cdn-ubi.redhat.com/content/public/ubi/dist/ubi9/9/x86_64/appstream/os/Packages/m/mpdecimal-2.5.1-3.el9.x86_64.rpm
    repoid: rhel-9-for-x86_64-appstream-eus-rpms
    size: 89670
    checksum: sha256:89a8c9951ac56bed2caa1adbcba349c021af1134b6e2df3fc0a8a60577a4f54d
    name: mpdecimal
    evr: 2.5.1-3.el9
    sourcerpm: mpdecimal-2.5.1-3.el9.src.rpm
  - url: https://cdn-ubi.redhat.com/content/public/ubi/dist/ubi9/9/x86_64/appstream/os/Packages/n/netavark-1.17.2-1.el9.x86_64.rpm
    repoid: rhel-9-for-x86_64-appstream-eus-rpms
    size: 3212162
    checksum: sha256:1bf196b5daa0aa92bd1408418773d70eadbc15442ec8b7f4b91a7be0b41cf693
    name: netavark
    evr: 2:1.17.2-1.el9
    sourcerpm: netavark-1.17.2-1.el9.src.rpm
  - url: https://cdn-ubi.redhat.com/content/public/ubi/dist/ubi9/9/x86_64/appstream/os/Packages/p/passt-0^20251210.gd04c480-6.el9_8.x86_64.rpm
    repoid: rhel-9-for-x86_64-appstream-eus-rpms
    size: 294867
    checksum: sha256:3eb71e330f94e5eb4cc44ae807cd2fb5955c7af3b76b6904e42dfc9ec89e4024
    name: passt
    evr: 0^20251210.gd04c480-6.el9_8
    sourcerpm: passt-0^20251210.gd04c480-6.el9_8.src.rpm
  - url: https://cdn-ubi.redhat.com/content/public/ubi/dist/ubi9/9/x86_64/appstream/os/Packages/p/python3.12-3.12.14-1.el9_8.x86_64.rpm
    repoid: rhel-9-for-x86_64-appstream-eus-rpms
    size: 32484
    checksum: sha256:10640d8db1555fb7ae4e63c62be4b8f341032fb3ee52cc7176047438ab893b1f
    name: python3.12
    evr: 3.12.14-1.el9_8
    sourcerpm: python3.12-3.12.14-1.el9_8.src.rpm
  - url: https://cdn-ubi.redhat.com/content/public/ubi/dist/ubi9/9/x86_64/appstream/os/Packages/p/python3.12-libs-3.12.14-1.el9_8.x86_64.rpm
    repoid: rhel-9-for-x86_64-appstream-eus-rpms
    size: 10211157
    checksum: sha256:0eaade47a20924ba0fe3fb0a93898e053772248793069f40c1ba80c5115fddbb
    name: python3.12-libs
    evr: 3.12.14-1.el9_8
    sourcerpm: python3.12-3.12.14-1.el9_8.src.rpm
  - url: https://cdn-ubi.redhat.com/content/public/ubi/dist/ubi9/9/x86_64/appstream/os/Packages/p/python3.12-pip-23.2.1-5.el9.noarch.rpm
    repoid: rhel-9-for-x86_64-appstream-eus-rpms
    size: 3370313
    checksum: sha256:7abdc28c07f4286ef1da5a5033266f89b7aed4d61cb13b9fec3cfa7576ed6fde
    name: python3.12-pip
    evr: 23.2.1-5.el9
    sourcerpm: python3.12-pip-23.2.1-5.el9.src.rpm
  - url: https://cdn-ubi.redhat.com/content/public/ubi/dist/ubi9/9/x86_64/appstream/os/Packages/p/python3.12-pip-wheel-23.2.1-5.el9.noarch.rpm
    repoid: rhel-9-for-x86_64-appstream-eus-rpms
    size: 1527128
    checksum: sha256:b3271e01edab5152b4f62515faca4c171fb842b4e871f7d30651a076de621b0e
    name: python3.12-pip-wheel
    evr: 23.2.1-5.el9
    sourcerpm: python3.12-pip-23.2.1-5.el9.src.rpm
  - url: https://cdn-ubi.redhat.com/content/public/ubi/dist/ubi9/9/x86_64/appstream/os/Packages/p/python3.12-setuptools-68.2.2-5.el9_6.noarch.rpm
    repoid: rhel-9-for-x86_64-appstream-eus-rpms
    size: 1654905
    checksum: sha256:6a7ea24faa6a5f2686b5e5b103a09f63b929b9bef70f1392dfea4ec5ef57c819
    name: python3.12-setuptools
    evr: 68.2.2-5.el9_6
    sourcerpm: python3.12-setuptools-68.2.2-5.el9_6.src.rpm
  - url: https://cdn-ubi.redhat.com/content/public/ubi/dist/ubi9/9/x86_64/appstream/os/Packages/s/slirp4netns-1.3.3-1.el9.x86_64.rpm
    repoid: rhel-9-for-x86_64-appstream-eus-rpms
    size: 48562
    checksum: sha256:ba91e6e0d70be19e5f9a44e0a8f6791c49b685b42a1ad2dc64ec50e4800c7d1a
    name: slirp4netns
    evr: 1.3.3-1.el9
    sourcerpm: slirp4netns-1.3.3-1.el9.src.rpm
  - url: https://cdn-ubi.redhat.com/content/public/ubi/dist/ubi9/9/x86_64/appstream/os/Packages/y/yajl-2.1.0-25.el9.x86_64.rpm
    repoid: rhel-9-for-x86_64-appstream-eus-rpms
    size: 42487
    checksum: sha256:f7503f34d5095303db5c57c70c5edb890dab7d0bba5920f3dcc44d7835449555
    name: yajl
    evr: 2.1.0-25.el9
    sourcerpm: yajl-2.1.0-25.el9.src.rpm
  - url: https://cdn-ubi.redhat.com/content/public/ubi/dist/ubi9/9/x86_64/baseos/os/Packages/a/alternatives-1.24-2.el9.x86_64.rpm
    repoid: rhel-9-for-x86_64-baseos-eus-rpms
    size: 42874
    checksum: sha256:1c520b9bf7b592d936bb347a5107702e51678e160b88ecfbba6a30e35e47d24e
    name: alternatives
    evr: 1.24-2.el9
    sourcerpm: chkconfig-1.24-2.el9.src.rpm
  - url: https://cdn-ubi.redhat.com/content/public/ubi/dist/ubi9/9/x86_64/baseos/os/Packages/a/audit-libs-3.1.5-8.el9.x86_64.rpm
    repoid: rhel-9-for-x86_64-baseos-eus-rpms
    size: 130600
    checksum: sha256:637ac2995ce1a6c222772b60f6bc6e6f2829355d2c88dfb1262fb76146d985ae
    name: audit-libs
    evr: 3.1.5-8.el9
    sourcerpm: audit-3.1.5-8.el9.src.rpm
  - url: https://cdn-ubi.redhat.com/content/public/ubi/dist/ubi9/9/x86_64/baseos/os/Packages/b/basesystem-11-13.el9.noarch.rpm
    repoid: rhel-9-for-x86_64-baseos-eus-rpms
    size: 8229
    checksum: sha256:f498b0813fa1a825d550e8e3a9e42255eabfa18e6fc96adfc6cc8fa7e16dd513
    name: basesystem
    evr: 11-13.el9
    sourcerpm: basesystem-11-13.el9.src.rpm
  - url: https://cdn-ubi.redhat.com/content/public/ubi/dist/ubi9/9/x86_64/baseos/os/Packages/b/bash-5.1.8-9.el9.x86_64.rpm
    repoid: rhel-9-for-x86_64-baseos-eus-rpms
    size: 1769540
    checksum: sha256:d3adf8b09aa0bf935c67aa12444e0ee02f70a82c2682bfb2b02bda0a989bb806
    name: bash
    evr: 5.1.8-9.el9
    sourcerpm: bash-5.1.8-9.el9.src.rpm
  - url: https://cdn-ubi.redhat.com/content/public/ubi/dist/ubi9/9/x86_64/baseos/os/Packages/b/bzip2-libs-1.0.8-11.el9.x86_64.rpm
    repoid: rhel-9-for-x86_64-baseos-eus-rpms
    size: 46333
    checksum: sha256:948f763ed17672b8dd83356541e27a53ce97c6df38339c4416a188d452ca4d1e
    name: bzip2-libs
    evr: 1.0.8-11.el9
    sourcerpm: bzip2-1.0.8-11.el9.src.rpm
  - url: https://cdn-ubi.redhat.com/content/public/ubi/dist/ubi9/9/x86_64/baseos/os/Packages/c/ca-certificates-2025.2.80_v9.0.305-91.el9.noarch.rpm
    repoid: rhel-9-for-x86_64-baseos-eus-rpms
    size: 1072208
    checksum: sha256:0554bf65d573950e7d550a07bf7d0b3def85ca3b45a7fbde4cce7cadd9a476a7
    name: ca-certificates
    evr: 2025.2.80_v9.0.305-91.el9
    sourcerpm: ca-certificates-2025.2.80_v9.0.305-91.el9.src.rpm
  - url: https://cdn-ubi.redhat.com/content/public/ubi/dist/ubi9/9/x86_64/baseos/os/Packages/c/coreutils-8.32-41.el9_8.1.x86_64.rpm
    repoid: rhel-9-for-x86_64-baseos-eus-rpms
    size: 1222083
    checksum: sha256:374257c4cd69107333a7f524dd99579f3ea3ab842b66168eade0a3475fb6eea1
    name: coreutils
    evr: 8.32-41.el9_8.1
    sourcerpm: coreutils-8.32-41.el9_8.1.src.rpm
  - url: https://cdn-ubi.redhat.com/content/public/ubi/dist/ubi9/9/x86_64/baseos/os/Packages/c/coreutils-common-8.32-41.el9_8.1.x86_64.rpm
    repoid: rhel-9-for-x86_64-baseos-eus-rpms
    size: 2113503
    checksum: sha256:41f69eb8b2087feaa98d0228fb933b6fe8af20a4bf371cfef51e11cbd1f84b4e
    name: coreutils-common
    evr: 8.32-41.el9_8.1
    sourcerpm: coreutils-8.32-41.el9_8.1.src.rpm
  - url: https://cdn-ubi.redhat.com/content/public/ubi/dist/ubi9/9/x86_64/baseos/os/Packages/c/crypto-policies-20260224-1.gitea0f072.el9_8.noarch.rpm
    repoid: rhel-9-for-x86_64-baseos-eus-rpms
    size: 98707
    checksum: sha256:a9ad86b8df75a7c9c29c6f6dd4b8f78cfa1f42b492eff0d11b82c457d37a7f9f
    name: crypto-policies
    evr: 20260224-1.gitea0f072.el9_8
    sourcerpm: crypto-policies-20260224-1.gitea0f072.el9_8.src.rpm
  - url: https://cdn-ubi.redhat.com/content/public/ubi/dist/ubi9/9/x86_64/baseos/os/Packages/c/cyrus-sasl-lib-2.1.27-22.el9.x86_64.rpm
    repoid: rhel-9-for-x86_64-baseos-eus-rpms
    size: 786202
    checksum: sha256:a85ebdee7a9a49990f87e4709c368212e6a54ecf18c88a3dd54d823a82443898
    name: cyrus-sasl-lib
    evr: 2.1.27-22.el9
    sourcerpm: cyrus-sasl-2.1.27-22.el9.src.rpm
  - url: https://cdn-ubi.redhat.com/content/public/ubi/dist/ubi9/9/x86_64/baseos/os/Packages/e/expat-2.5.0-6.el9_8.5.x86_64.rpm
    repoid: rhel-9-for-x86_64-baseos-eus-rpms
    size: 129088
    checksum: sha256:e6e7edd632fdd1dc4ad94b19b7ab88646f3ef8c1c7956bac58985c3e7118a362
    name: expat
    evr: 2.5.0-6.el9_8.5
    sourcerpm: expat-2.5.0-6.el9_8.5.src.rpm
  - url: https://cdn-ubi.redhat.com/content/public/ubi/dist/ubi9/9/x86_64/baseos/os/Packages/f/filesystem-3.16-5.el9.x86_64.rpm
    repoid: rhel-9-for-x86_64-baseos-eus-rpms
    size: 5003807
    checksum: sha256:9567592e6e32a9ebd45584cc4feb5d00812f143fcb2d8cd8b1d95108f4f66a2d
    name: filesystem
    evr: 3.16-5.el9
    sourcerpm: filesystem-3.16-5.el9.src.rpm
  - url: https://cdn-ubi.redhat.com/content/public/ubi/dist/ubi9/9/x86_64/baseos/os/Packages/f/findutils-4.8.0-7.el9.x86_64.rpm
    repoid: rhel-9-for-x86_64-baseos-eus-rpms
    size: 563531
    checksum: sha256:a6328afea0a11647b7fb5c48436f0af6c795407bac0650676d3196dd47070de6
    name: findutils
    evr: 1:4.8.0-7.el9
    sourcerpm: findutils-4.8.0-7.el9.src.rpm
  - url: https://cdn-ubi.redhat.com/content/public/ubi/dist/ubi9/9/x86_64/baseos/os/Packages/f/fuse-common-3.10.2-9.el9.x86_64.rpm
    repoid: rhel-9-for-x86_64-baseos-eus-rpms
    size: 8750
    checksum: sha256:548265cbee787fa659bc79c07e15a12007f39eb70e905bf660ec488f0bb8820f
    name: fuse-common
    evr: 3.10.2-9.el9
    sourcerpm: fuse3-3.10.2-9.el9.src.rpm
  - url: https://cdn-ubi.redhat.com/content/public/ubi/dist/ubi9/9/x86_64/baseos/os/Packages/g/gawk-5.1.0-6.el9_8.1.x86_64.rpm
    repoid: rhel-9-for-x86_64-baseos-eus-rpms
    size: 1046649
    checksum: sha256:fcc5e724c32597cf781626728f0faff2f0e5ed6455ab95af4883eefca30a074e
    name: gawk
    evr: 5.1.0-6.el9_8.1
    sourcerpm: gawk-5.1.0-6.el9_8.1.src.rpm
  - url: https://cdn-ubi.redhat.com/content/public/ubi/dist/ubi9/9/x86_64/baseos/os/Packages/g/gdbm-libs-1.23-1.el9.x86_64.rpm
    repoid: rhel-9-for-x86_64-baseos-eus-rpms
    size: 60152
    checksum: sha256:c8b8346a98d921206666ce740a3647a52ad7a87c2d01d73166165b3e9a789a6c
    name: gdbm-libs
    evr: 1:1.23-1.el9
    sourcerpm: gdbm-1.23-1.el9.src.rpm
  - url: https://cdn-ubi.redhat.com/content/public/ubi/dist/ubi9/9/x86_64/baseos/os/Packages/g/glib2-2.68.4-19.el9_8.10.x86_64.rpm
    repoid: rhel-9-for-x86_64-baseos-eus-rpms
    size: 2776651
    checksum: sha256:d380acf88b697bf7c3e4d779bf2adb5b601417df4cf7fe419cbf3638e394399c
    name: glib2
    evr: 2.68.4-19.el9_8.10
    sourcerpm: glib2-2.68.4-19.el9_8.10.src.rpm
  - url: https://cdn-ubi.redhat.com/content/public/ubi/dist/ubi9/9/x86_64/baseos/os/Packages/g/glibc-2.34-275.el9_8.x86_64.rpm
    repoid: rhel-9-for-x86_64-baseos-eus-rpms
    size: 2083064
    checksum: sha256:7d2d420b97c05c09ee1e9bd881cb0725fe8d89688b933f411f278cb23210c65d
    name: glibc
    evr: 2.34-275.el9_8
    sourcerpm: glibc-2.34-275.el9_8.src.rpm
  - url: https://cdn-ubi.redhat.com/content/public/ubi/dist/ubi9/9/x86_64/baseos/os/Packages/g/glibc-common-2.34-275.el9_8.x86_64.rpm
    repoid: rhel-9-for-x86_64-baseos-eus-rpms
    size: 321585
    checksum: sha256:f23581b888783f576bd3a55503618a48f74f468fcfd4837bbd7a2d00fe7f3530
    name: glibc-common
    evr: 2.34-275.el9_8
    sourcerpm: glibc-2.34-275.el9_8.src.rpm
  - url: https://cdn-ubi.redhat.com/content/public/ubi/dist/ubi9/9/x86_64/baseos/os/Packages/g/glibc-gconv-extra-2.34-275.el9_8.x86_64.rpm
    repoid: rhel-9-for-x86_64-baseos-eus-rpms
    size: 1763577
    checksum: sha256:91899acba57caeb8768bf2ce4631d7f56c6b8e052f2bdf20003382205eb8eee8
    name: glibc-gconv-extra
    evr: 2.34-275.el9_8
    sourcerpm: glibc-2.34-275.el9_8.src.rpm
  - url: https://cdn-ubi.redhat.com/content/public/ubi/dist/ubi9/9/x86_64/baseos/os/Packages/g/glibc-minimal-langpack-2.34-275.el9_8.x86_64.rpm
    repoid: rhel-9-for-x86_64-baseos-eus-rpms
    size: 30913
    checksum: sha256:6cc48d78bf2ceacfa5b58633b648c564b66505f4677adea8eb663fe90acd76f2
    name: glibc-minimal-langpack
    evr: 2.34-275.el9_8
    sourcerpm: glibc-2.34-275.el9_8.src.rpm
  - url: https://cdn-ubi.redhat.com/content/public/ubi/dist/ubi9/9/x86_64/baseos/os/Packages/g/gmp-6.2.0-13.el9.x86_64.rpm
    repoid: rhel-9-for-x86_64-baseos-eus-rpms
    size: 326840
    checksum: sha256:d4529445e30b7eb9a8225b0539f70d26d585d7fe306296f948ea73114d1c171f
    name: gmp
    evr: 1:6.2.0-13.el9
    sourcerpm: gmp-6.2.0-13.el9.src.rpm
  - url: https://cdn-ubi.redhat.com/content/public/ubi/dist/ubi9/9/x86_64/baseos/os/Packages/g/gnupg2-2.3.3-5.el9_7.x86_64.rpm
    repoid: rhel-9-for-x86_64-baseos-eus-rpms
    size: 2643700
    checksum: sha256:03ff58d6f0fd39f3575c830610488d1efd9405ddf8410f78deffdd89f932ecb4
    name: gnupg2
    evr: 2.3.3-5.el9_7
    sourcerpm: gnupg2-2.3.3-5.el9_7.src.rpm
  - url: https://cdn-ubi.redhat.com/content/public/ubi/dist/ubi9/9/x86_64/baseos/os/Packages/g/gnutls-3.8.10-8.el9_8.x86_64.rpm
    repoid: rhel-9-for-x86_64-baseos-eus-rpms
    size: 1453380
    checksum: sha256:427e11f3b3b0af618b9a1bd09ec7614a634328e9d93fe8499b5e5257d25b7e44
    name: gnutls
    evr: 3.8.10-8.el9_8
    sourcerpm: gnutls-3.8.10-8.el9_8.src.rpm
  - url: https://cdn-ubi.redhat.com/content/public/ubi/dist/ubi9/9/x86_64/baseos/os/Packages/g/gpgme-1.15.1-6.el9.x86_64.rpm
    repoid: rhel-9-for-x86_64-baseos-eus-rpms
    size: 215857
    checksum: sha256:44b4ebb0b3cc5a733d477b684082c23d8b4230953f192113353a6aa664e83624
    name: gpgme
    evr: 1.15.1-6.el9
    sourcerpm: gpgme-1.15.1-6.el9.src.rpm
  - url: https://cdn-ubi.redhat.com/content/public/ubi/dist/ubi9/9/x86_64/baseos/os/Packages/g/grep-3.6-5.el9.x86_64.rpm
    repoid: rhel-9-for-x86_64-baseos-eus-rpms
    size: 279174
    checksum: sha256:5556895ff1817066ca71b50785615e944b0fcc7e1c94c983087c7c691819623d
    name: grep
    evr: 3.6-5.el9
    sourcerpm: grep-3.6-5.el9.src.rpm
  - url: https://cdn-ubi.redhat.com/content/public/ubi/dist/ubi9/9/x86_64/baseos/os/Packages/i/iptables-libs-1.8.10-11.el9_5.x86_64.rpm
    repoid: rhel-9-for-x86_64-baseos-eus-rpms
    size: 476678
    checksum: sha256:3e79ca4cc3d35c1f1e0ac6c9f05c5be56b7ab6dd1f8ae719a21ec1b9e3bfa018
    name: iptables-libs
    evr: 1.8.10-11.el9_5
    sourcerpm: iptables-1.8.10-11.el9_5.src.rpm
  - url: https://cdn-ubi.redhat.com/content/public/ubi/dist/ubi9/9/x86_64/baseos/os/Packages/i/iptables-nft-1.8.10-11.el9_5.x86_64.rpm
    repoid: rhel-9-for-x86_64-baseos-eus-rpms
    size: 214056
    checksum: sha256:54e031813637738af285ff4b1c2e4a20b913f2ea643a29940a07ccaf8bd197f5
    name: iptables-nft
    evr: 1.8.10-11.el9_5
    sourcerpm: iptables-1.8.10-11.el9_5.src.rpm
  - url: https://cdn-ubi.redhat.com/content/public/ubi/dist/ubi9/9/x86_64/baseos/os/Packages/j/jansson-2.14-1.el9.x86_64.rpm
    repoid: rhel-9-for-x86_64-baseos-eus-rpms
    size: 49137
    checksum: sha256:4e9aec51ee46d7265d6edd1245b5d5ab5e8336dc2a4ca17f2cace2ce8bae3761
    name: jansson
    evr: 2.14-1.el9
    sourcerpm: jansson-2.14-1.el9.src.rpm
  - url: https://cdn-ubi.redhat.com/content/public/ubi/dist/ubi9/9/x86_64/baseos/os/Packages/k/keyutils-libs-1.6.3-1.el9.x86_64.rpm
    repoid: rhel-9-for-x86_64-baseos-eus-rpms
    size: 34363
    checksum: sha256:96d75824948387a884d206865db534cd3d46f32422efcb020c20060b59edb27c
    name: keyutils-libs
    evr: 1.6.3-1.el9
    sourcerpm: keyutils-1.6.3-1.el9.src.rpm
  - url: https://cdn-ubi.redhat.com/content/public/ubi/dist/ubi9/9/x86_64/baseos/os/Packages/k/kmod-28-11.el9.x86_64.rpm
    repoid: rhel-9-for-x86_64-baseos-eus-rpms
    size: 127775
    checksum: sha256:f85ac587f3c6abab55c30986b5f4af790c3fa2f2a413057db8e9250c79825b5d
    name: kmod
    evr: 28-11.el9
    sourcerpm: kmod-28-11.el9.src.rpm
  - url: https://cdn-ubi.redhat.com/content/public/ubi/dist/ubi9/9/x86_64/baseos/os/Packages/k/krb5-libs-1.21.1-10.el9_8.x86_64.rpm
    repoid: rhel-9-for-x86_64-baseos-eus-rpms
    size: 790743
    checksum: sha256:8906be9f2d414c5f4e1218db0c94955c2b3394b43a04b7dbcc2ef66c4340ebc6
    name: krb5-libs
    evr: 1.21.1-10.el9_8
    sourcerpm: krb5-1.21.1-10.el9_8.src.rpm
  - url: https://cdn-ubi.redhat.com/content/public/ubi/dist/ubi9/9/x86_64/baseos/os/Packages/l/libacl-2.4.0-1.el9_8.x86_64.rpm
    repoid: rhel-9-for-x86_64-baseos-eus-rpms
    size: 31657
    checksum: sha256:a81fb7a4d7c946e9bd886ee3c471a4b5040dedbb8ffb2a388120b2094be93cc8
    name: libacl
    evr: 2.4.0-1.el9_8
    sourcerpm: acl-2.4.0-1.el9_8.src.rpm
  - url: https://cdn-ubi.redhat.com/content/public/ubi/dist/ubi9/9/x86_64/baseos/os/Packages/l/libassuan-2.5.5-3.el9.x86_64.rpm
    repoid: rhel-9-for-x86_64-baseos-eus-rpms
    size: 72450
    checksum: sha256:9ba40981a8ea3d51a689a41c2d404bc8d127c6788bc3ae84cefcd5bd3e49cf66
    name: libassuan
    evr: 2.5.5-3.el9
    sourcerpm: libassuan-2.5.5-3.el9.src.rpm
  - url: https://cdn-ubi.redhat.com/content/public/ubi/dist/ubi9/9/x86_64/baseos/os/Packages/l/libattr-2.6.0-1.el9_8.x86_64.rpm
    repoid: rhel-9-for-x86_64-baseos-eus-rpms
    size: 23752
    checksum: sha256:9e37537f690c748f7f05faa80966072f118ec722e38ef332fe19cf22b087349f
    name: libattr
    evr: 2.6.0-1.el9_8
    sourcerpm: attr-2.6.0-1.el9_8.src.rpm
  - url: https://cdn-ubi.redhat.com/content/public/ubi/dist/ubi9/9/x86_64/baseos/os/Packages/l/libblkid-2.37.4-25.el9.x86_64.rpm
    repoid: rhel-9-for-x86_64-baseos-eus-rpms
    size: 114192
    checksum: sha256:a858400abe83a7955ae509c920f835a950ea2cf1156916823c595a23ba46d536
    name: libblkid
    evr: 2.37.4-25.el9
    sourcerpm: util-linux-2.37.4-25.el9.src.rpm
  - url: https://cdn-ubi.redhat.com/content/public/ubi/dist/ubi9/9/x86_64/baseos/os/Packages/l/libcap-2.48-10.el9_8.1.x86_64.rpm
    repoid: rhel-9-for-x86_64-baseos-eus-rpms
    size: 78928
    checksum: sha256:d4805439b10fa551b7535cf30ca28d4d5862132c9c429b2b31221bea7f43263a
    name: libcap
    evr: 2.48-10.el9_8.1
    sourcerpm: libcap-2.48-10.el9_8.1.src.rpm
  - url: https://cdn-ubi.redhat.com/content/public/ubi/dist/ubi9/9/x86_64/baseos/os/Packages/l/libcap-ng-0.8.2-7.el9.x86_64.rpm
    repoid: rhel-9-for-x86_64-baseos-eus-rpms
    size: 36752
    checksum: sha256:ebddfc188d1ddbb0d6a238583cbc02dcb9fc0bd063a850b22d48980899976628
    name: libcap-ng
    evr: 0.8.2-7.el9
    sourcerpm: libcap-ng-0.8.2-7.el9.src.rpm
  - url: https://cdn-ubi.redhat.com/content/public/ubi/dist/ubi9/9/x86_64/baseos/os/Packages/l/libcom_err-1.46.5-8.el9.x86_64.rpm
    repoid: rhel-9-for-x86_64-baseos-eus-rpms
    size: 26980
    checksum: sha256:b7593ee2d841c69573d8ed553b7416ef727b2c77c0473416a5dadf4b567bf547
    name: libcom_err
    evr: 1.46.5-8.el9
    sourcerpm: e2fsprogs-1.46.5-8.el9.src.rpm
  - url: https://cdn-ubi.redhat.com/content/public/ubi/dist/ubi9/9/x86_64/baseos/os/Packages/l/libevent-2.1.13-1.el9_8.x86_64.rpm
    repoid: rhel-9-for-x86_64-baseos-eus-rpms
    size: 276162
    checksum: sha256:c28b28573118d5cf0f1f68d96bc7c46d56671e45360698c894ca06ddf40163ae
    name: libevent
    evr: 2.1.13-1.el9_8
    sourcerpm: libevent-2.1.13-1.el9_8.src.rpm
  - url: https://cdn-ubi.redhat.com/content/public/ubi/dist/ubi9/9/x86_64/baseos/os/Packages/l/libffi-3.4.2-8.el9.x86_64.rpm
    repoid: rhel-9-for-x86_64-baseos-eus-rpms
    size: 40619
    checksum: sha256:dde0012a94c6f3825e605b095b15767d89c2b87a5da097348310d7e87721c645
    name: libffi
    evr: 3.4.2-8.el9
    sourcerpm: libffi-3.4.2-8.el9.src.rpm
  - url: https://cdn-ubi.redhat.com/content/public/ubi/dist/ubi9/9/x86_64/baseos/os/Packages/l/libgcc-11.5.0-14.el9.x86_64.rpm
    repoid: rhel-9-for-x86_64-baseos-eus-rpms
    size: 87280
    checksum: sha256:77c66827ffc14df2f43612b26128b1fd58d5c9597d4d4e564aa239b161272872
    name: libgcc
    evr: 11.5.0-14.el9
    sourcerpm: gcc-11.5.0-14.el9.src.rpm
  - url: https://cdn-ubi.redhat.com/content/public/ubi/dist/ubi9/9/x86_64/baseos/os/Packages/l/libgcrypt-1.10.0-13.el9_8.x86_64.rpm
    repoid: rhel-9-for-x86_64-baseos-eus-rpms
    size: 523829
    checksum: sha256:c07cd9f613809195b8691d28fd2f3bff55b2a83b9c1cdf4a32c681e0e32dfafb
    name: libgcrypt
    evr: 1.10.0-13.el9_8
    sourcerpm: libgcrypt-1.10.0-13.el9_8.src.rpm
  - url: https://cdn-ubi.redhat.com/content/public/ubi/dist/ubi9/9/x86_64/baseos/os/Packages/l/libgpg-error-1.42-5.el9.x86_64.rpm
    repoid: rhel-9-for-x86_64-baseos-eus-rpms
    size: 225603
    checksum: sha256:8248e20d7a253aa9c0dc7dc3d56b42e1def4fd5753ce8e8b9e980aa664fc9068
    name: libgpg-error
    evr: 1.42-5.el9
    sourcerpm: libgpg-error-1.42-5.el9.src.rpm
  - url: https://cdn-ubi.redhat.com/content/public/ubi/dist/ubi9/9/x86_64/baseos/os/Packages/l/libidn2-2.3.0-7.el9.x86_64.rpm
    repoid: rhel-9-for-x86_64-baseos-eus-rpms
    size: 107099
    checksum: sha256:055f4ce6b721be7138dc2e45a6586412c65508acea3fe385a2655c129fe264f9
    name: libidn2
    evr: 2.3.0-7.el9
    sourcerpm: libidn2-2.3.0-7.el9.src.rpm
  - url: https://cdn-ubi.redhat.com/content/public/ubi/dist/ubi9/9/x86_64/baseos/os/Packages/l/libksba-1.5.1-7.el9.x86_64.rpm
    repoid: rhel-9-for-x86_64-baseos-eus-rpms
    size: 160847
    checksum: sha256:0a6410250b9cbb346a33a5dec3a5ae83ebb7a32bf953b036c2d244e6d40d75a0
    name: libksba
    evr: 1.5.1-7.el9
    sourcerpm: libksba-1.5.1-7.el9.src.rpm
  - url: https://cdn-ubi.redhat.com/content/public/ubi/dist/ubi9/9/x86_64/baseos/os/Packages/l/libmnl-1.0.4-16.el9_4.x86_64.rpm
    repoid: rhel-9-for-x86_64-baseos-eus-rpms
    size: 30949
    checksum: sha256:badfd4eb5b7cd3622da84168674002ec718ef810ce615a1113d3e19e265b777e
    name: libmnl
    evr: 1.0.4-16.el9_4
    sourcerpm: libmnl-1.0.4-16.el9_4.src.rpm
  - url: https://cdn-ubi.redhat.com/content/public/ubi/dist/ubi9/9/x86_64/baseos/os/Packages/l/libmount-2.37.4-25.el9.x86_64.rpm
    repoid: rhel-9-for-x86_64-baseos-eus-rpms
    size: 142467
    checksum: sha256:a9a2022eb9e39301bfcd3273573a108486b2b315c89247f147870016b2e9222c
    name: libmount
    evr: 2.37.4-25.el9
    sourcerpm: util-linux-2.37.4-25.el9.src.rpm
  - url: https://cdn-ubi.redhat.com/content/public/ubi/dist/ubi9/9/x86_64/baseos/os/Packages/l/libnetfilter_conntrack-1.0.9-1.el9.x86_64.rpm
    repoid: rhel-9-for-x86_64-baseos-eus-rpms
    size: 62066
    checksum: sha256:beeb73e78390077c6afd9ed6177bad8bad278dbfaae9d90edf7243cdf6a44a3f
    name: libnetfilter_conntrack
    evr: 1.0.9-1.el9
    sourcerpm: libnetfilter_conntrack-1.0.9-1.el9.src.rpm
  - url: https://cdn-ubi.redhat.com/content/public/ubi/dist/ubi9/9/x86_64/baseos/os/Packages/l/libnfnetlink-1.0.1-23.el9_5.x86_64.rpm
    repoid: rhel-9-for-x86_64-baseos-eus-rpms
    size: 32236
    checksum: sha256:177882bfe48c9c9effc7b1bce6b58b2466988c53e400c07fb1ba2d3a4ebe6f40
    name: libnfnetlink
    evr: 1.0.1-23.el9_5
    sourcerpm: libnfnetlink-1.0.1-23.el9_5.src.rpm
  - url: https://cdn-ubi.redhat.com/content/public/ubi/dist/ubi9/9/x86_64/baseos/os/Packages/l/libnftnl-1.2.6-4.el9_4.x86_64.rpm
    repoid: rhel-9-for-x86_64-baseos-eus-rpms
    size: 91380
    checksum: sha256:e64d7b270be4be36af80ed220852cb760a1069e34667b1ba9eec7a02762a14bf
    name: libnftnl
    evr: 1.2.6-4.el9_4
    sourcerpm: libnftnl-1.2.6-4.el9_4.src.rpm
  - url: https://cdn-ubi.redhat.com/content/public/ubi/dist/ubi9/9/x86_64/baseos/os/Packages/l/libnl3-3.11.0-1.el9.x86_64.rpm
    repoid: rhel-9-for-x86_64-baseos-eus-rpms
    size: 376137
    checksum: sha256:89728a253a5bf1c8e01c40573f1283d40188e003bdbd4ac565f8b0f05bced55c
    name: libnl3
    evr: 3.11.0-1.el9
    sourcerpm: libnl3-3.11.0-1.el9.src.rpm
  - url: https://cdn-ubi.redhat.com/content/public/ubi/dist/ubi9/9/x86_64/baseos/os/Packages/l/libseccomp-2.5.2-2.el9.x86_64.rpm
    repoid: rhel-9-for-x86_64-baseos-eus-rpms
    size: 76200
    checksum: sha256:e2015f60dbe784330d5df43f3f05c68c307694600a636a1706bf86527cc82e82
    name: libseccomp
    evr: 2.5.2-2.el9
    sourcerpm: libseccomp-2.5.2-2.el9.src.rpm
  - url: https://cdn-ubi.redhat.com/content/public/ubi/dist/ubi9/9/x86_64/baseos/os/Packages/l/libselinux-3.6-3.el9.x86_64.rpm
    repoid: rhel-9-for-x86_64-baseos-eus-rpms
    size: 89722
    checksum: sha256:ce1cc63a7212c39f5f2a35f719ee38d6418cf081ea78c9317f388d9f41e4a627
    name: libselinux
    evr: 3.6-3.el9
    sourcerpm: libselinux-3.6-3.el9.src.rpm
  - url: https://cdn-ubi.redhat.com/content/public/ubi/dist/ubi9/9/x86_64/baseos/os/Packages/l/libsemanage-3.6-5.el9_6.x86_64.rpm
    repoid: rhel-9-for-x86_64-baseos-eus-rpms
    size: 123449
    checksum: sha256:7ac29f46714cd762f18a52e9807fd1766b0cf9e0388aa3d9befaabf8785a01e3
    name: libsemanage
    evr: 3.6-5.el9_6
    sourcerpm: libsemanage-3.6-5.el9_6.src.rpm
  - url: https://cdn-ubi.redhat.com/content/public/ubi/dist/ubi9/9/x86_64/baseos/os/Packages/l/libsepol-3.6-3.el9.x86_64.rpm
    repoid: rhel-9-for-x86_64-baseos-eus-rpms
    size: 338766
    checksum: sha256:b98984b2bf42203964cc979ac157df090c63b89a0f5c6560ede01965531c8ffd
    name: libsepol
    evr: 3.6-3.el9
    sourcerpm: libsepol-3.6-3.el9.src.rpm
  - url: https://cdn-ubi.redhat.com/content/public/ubi/dist/ubi9/9/x86_64/baseos/os/Packages/l/libsigsegv-2.13-4.el9.x86_64.rpm
    repoid: rhel-9-for-x86_64-baseos-eus-rpms
    size: 30681
    checksum: sha256:24005c62017797b612d047a2af83a218633b32302a787fabd22e52230db6adc1
    name: libsigsegv
    evr: 2.13-4.el9
    sourcerpm: libsigsegv-2.13-4.el9.src.rpm
  - url: https://cdn-ubi.redhat.com/content/public/ubi/dist/ubi9/9/x86_64/baseos/os/Packages/l/libtasn1-4.16.0-10.el9_8.x86_64.rpm
    repoid: rhel-9-for-x86_64-baseos-eus-rpms
    size: 81418
    checksum: sha256:f9473f322407f10205b0db98b89cf8f603e9c769e9977250734136df56cbb981
    name: libtasn1
    evr: 4.16.0-10.el9_8
    sourcerpm: libtasn1-4.16.0-10.el9_8.src.rpm
  - url: https://cdn-ubi.redhat.com/content/public/ubi/dist/ubi9/9/x86_64/baseos/os/Packages/l/libtirpc-1.3.3-9.el9.x86_64.rpm
    repoid: rhel-9-for-x86_64-baseos-eus-rpms
    size: 98934
    checksum: sha256:f82cd69dc3aac881d5b574930c7d274687054cb5b03d3a8e3affa7bbcd5950b1
    name: libtirpc
    evr: 1.3.3-9.el9
    sourcerpm: libtirpc-1.3.3-9.el9.src.rpm
  - url: https://cdn-ubi.redhat.com/content/public/ubi/dist/ubi9/9/x86_64/baseos/os/Packages/l/libunistring-0.9.10-15.el9.x86_64.rpm
    repoid: rhel-9-for-x86_64-baseos-eus-rpms
    size: 510558
    checksum: sha256:6477fb3c3285158f676360e228057e13dc6e983f453c7c74ed4ab140357f9a0d
    name: libunistring
    evr: 0.9.10-15.el9
    sourcerpm: libunistring-0.9.10-15.el9.src.rpm
  - url: https://cdn-ubi.redhat.com/content/public/ubi/dist/ubi9/9/x86_64/baseos/os/Packages/l/libuuid-2.37.4-25.el9.x86_64.rpm
    repoid: rhel-9-for-x86_64-baseos-eus-rpms
    size: 32757
    checksum: sha256:5694aafca42c707f85af66bba11d102f7636ee17f586466b3ff80254e995ed7b
    name: libuuid
    evr: 2.37.4-25.el9
    sourcerpm: util-linux-2.37.4-25.el9.src.rpm
  - url: https://cdn-ubi.redhat.com/content/public/ubi/dist/ubi9/9/x86_64/baseos/os/Packages/l/libverto-0.3.2-3.el9.x86_64.rpm
    repoid: rhel-9-for-x86_64-baseos-eus-rpms
    size: 25042
    checksum: sha256:7008029afd91af33ca17a22e6eb4ba792fd9b32bee8fb613c79c1527fa6f589a
    name: libverto
    evr: 0.3.2-3.el9
    sourcerpm: libverto-0.3.2-3.el9.src.rpm
  - url: https://cdn-ubi.redhat.com/content/public/ubi/dist/ubi9/9/x86_64/baseos/os/Packages/l/libxcrypt-4.4.18-3.el9.x86_64.rpm
    repoid: rhel-9-for-x86_64-baseos-eus-rpms
    size: 122599
    checksum: sha256:a50bb26a28ee7e6379c86b5b91285299b71569fa87ea968d800a56090b7a179d
    name: libxcrypt
    evr: 4.4.18-3.el9
    sourcerpm: libxcrypt-4.4.18-3.el9.src.rpm
  - url: https://cdn-ubi.redhat.com/content/public/ubi/dist/ubi9/9/x86_64/baseos/os/Packages/l/libzstd-1.5.5-1.el9.x86_64.rpm
    repoid: rhel-9-for-x86_64-baseos-eus-rpms
    size: 304135
    checksum: sha256:d8a149f0d8f217126642cc4b40199d631b940f7d227191cc2179f3158fd47f9e
    name: libzstd
    evr: 1.5.5-1.el9
    sourcerpm: zstd-1.5.5-1.el9.src.rpm
  - url: https://cdn-ubi.redhat.com/content/public/ubi/dist/ubi9/9/x86_64/baseos/os/Packages/l/lz4-libs-1.9.3-5.el9.x86_64.rpm
    repoid: rhel-9-for-x86_64-baseos-eus-rpms
    size: 70922
    checksum: sha256:9658da838021711f687cf283368664984bfb1c8b9176897d7d477a724a11a731
    name: lz4-libs
    evr: 1.9.3-5.el9
    sourcerpm: lz4-1.9.3-5.el9.src.rpm
  - url: https://cdn-ubi.redhat.com/content/public/ubi/dist/ubi9/9/x86_64/baseos/os/Packages/m/mpfr-4.1.0-10.el9.x86_64.rpm
    repoid: rhel-9-for-x86_64-baseos-eus-rpms
    size: 338130
    checksum: sha256:4adb12cda3b0e537ba5b22e7615288df751720d2e738bd182675d529cf1ead0c
    name: mpfr
    evr: 4.1.0-10.el9
    sourcerpm: mpfr-4.1.0-10.el9.src.rpm
  - url: https://cdn-ubi.redhat.com/content/public/ubi/dist/ubi9/9/x86_64/baseos/os/Packages/n/ncurses-base-6.2-12.20210508.el9.noarch.rpm
    repoid: rhel-9-for-x86_64-baseos-eus-rpms
    size: 97840
    checksum: sha256:d62dfd41f9688efa2cf1ceedb96084c63e297fbdcfd1e72bc6757c730092b60c
    name: ncurses-base
    evr: 6.2-12.20210508.el9
    sourcerpm: ncurses-6.2-12.20210508.el9.src.rpm
  - url: https://cdn-ubi.redhat.com/content/public/ubi/dist/ubi9/9/x86_64/baseos/os/Packages/n/ncurses-libs-6.2-12.20210508.el9.x86_64.rpm
    repoid: rhel-9-for-x86_64-baseos-eus-rpms
    size: 336270
    checksum: sha256:f3e1f8e59c7116278aa19b6705a1443f6307d4d6fbdde75a23d2f5d60636cb16
    name: ncurses-libs
    evr: 6.2-12.20210508.el9
    sourcerpm: ncurses-6.2-12.20210508.el9.src.rpm
  - url: https://cdn-ubi.redhat.com/content/public/ubi/dist/ubi9/9/x86_64/baseos/os/Packages/n/nettle-3.10.1-1.el9.x86_64.rpm
    repoid: rhel-9-for-x86_64-baseos-eus-rpms
    size: 581160
    checksum: sha256:96c048fba3e8dd11493aaf317349ad040f607740facd11cc7b04fbca507a46ce
    name: nettle
    evr: 3.10.1-1.el9
    sourcerpm: nettle-3.10.1-1.el9.src.rpm
  - url: https://cdn-ubi.redhat.com/content/public/ubi/dist/ubi9/9/x86_64/baseos/os/Packages/n/nftables-1.0.9-9.el9_8.x86_64.rpm
    repoid: rhel-9-for-x86_64-baseos-eus-rpms
    size: 473262
    checksum: sha256:c2ed618abe918bb6f8f4ce93ab0654289edf51693fc4bd15350ab71c54198f19
    name: nftables
    evr: 1:1.0.9-9.el9_8
    sourcerpm: nftables-1.0.9-9.el9_8.src.rpm
  - url: https://cdn-ubi.redhat.com/content/public/ubi/dist/ubi9/9/x86_64/baseos/os/Packages/n/npth-1.6-8.el9.x86_64.rpm
    repoid: rhel-9-for-x86_64-baseos-eus-rpms
    size: 27653
    checksum: sha256:3e044d8534970034063e6445a142780bbe9d37f5e75b98f8788ade5470a32ab6
    name: npth
    evr: 1.6-8.el9
    sourcerpm: npth-1.6-8.el9.src.rpm
  - url: https://cdn-ubi.redhat.com/content/public/ubi/dist/ubi9/9/x86_64/baseos/os/Packages/o/openldap-2.6.8-4.el9.x86_64.rpm
    repoid: rhel-9-for-x86_64-baseos-eus-rpms
    size: 296805
    checksum: sha256:68df8cf8fb4d54c2f1681fa9a030f7af3b179e6dd4fd10ffd7532824121ea74c
    name: openldap
    evr: 2.6.8-4.el9
    sourcerpm: openldap-2.6.8-4.el9.src.rpm
  - url: https://cdn-ubi.redhat.com/content/public/ubi/dist/ubi9/9/x86_64/baseos/os/Packages/o/openssl-fips-provider-3.0.7-11.el9_8.x86_64.rpm
    repoid: rhel-9-for-x86_64-baseos-eus-rpms
    size: 14256
    checksum: sha256:c00860e9c5a1d90488aa2eb65fe41f62926b38c6b3669d331a8b97e4a60223ac
    name: openssl-fips-provider
    evr: 3.0.7-11.el9_8
    sourcerpm: openssl-fips-provider-3.0.7-11.el9_8.src.rpm
  - url: https://cdn-ubi.redhat.com/content/public/ubi/dist/ubi9/9/x86_64/baseos/os/Packages/o/openssl-fips-provider-so-3.0.7-11.el9_8.x86_64.rpm
    repoid: rhel-9-for-x86_64-baseos-eus-rpms
    size: 595008
    checksum: sha256:60d36ad3a67d6b00e67bb0a19c0902fbb2ecdd873cf7f280a3039d04a092790c
    name: openssl-fips-provider-so
    evr: 3.0.7-11.el9_8
    sourcerpm: openssl-fips-provider-3.0.7-11.el9_8.src.rpm
  - url: https://cdn-ubi.redhat.com/content/public/ubi/dist/ubi9/9/x86_64/baseos/os/Packages/o/openssl-libs-3.5.8-1.el9_8.x86_64.rpm
    repoid: rhel-9-for-x86_64-baseos-eus-rpms
    size: 2430624
    checksum: sha256:3abe1f190415d91d4dc51db74cf2ad7e06b1e5ca5f63dac978fe58d8fd14e493
    name: openssl-libs
    evr: 1:3.5.8-1.el9_8
    sourcerpm: openssl-3.5.8-1.el9_8.src.rpm
  - url: https://cdn-ubi.redhat.com/content/public/ubi/dist/ubi9/9/x86_64/baseos/os/Packages/p/p11-kit-0.26.4-1.el9_8.x86_64.rpm
    repoid: rhel-9-for-x86_64-baseos-eus-rpms
    size: 625862
    checksum: sha256:a00ba14bfd0fc5dd2818f605f2e0520b52ea4b36167504c2523f92a065c2bdaf
    name: p11-kit
    evr: 0.26.4-1.el9_8
    sourcerpm: p11-kit-0.26.4-1.el9_8.src.rpm
  - url: https://cdn-ubi.redhat.com/content/public/ubi/dist/ubi9/9/x86_64/baseos/os/Packages/p/p11-kit-trust-0.26.4-1.el9_8.x86_64.rpm
    repoid: rhel-9-for-x86_64-baseos-eus-rpms
    size: 165521
    checksum: sha256:41b84ab0ee4cf914d570a3d648ed98b7de44cef73ea3dfa58ff5eebdec85f42a
    name: p11-kit-trust
    evr: 0.26.4-1.el9_8
    sourcerpm: p11-kit-0.26.4-1.el9_8.src.rpm
  - url: https://cdn-ubi.redhat.com/content/public/ubi/dist/ubi9/9/x86_64/baseos/os/Packages/p/pcre-8.44-4.el9.x86_64.rpm
    repoid: rhel-9-for-x86_64-baseos-eus-rpms
    size: 205261
    checksum: sha256:e9ddc7d57d4f6e7400b66bcc78b9bafc1f05630e3e0d2a14000bc907f429ddc4
    name: pcre
    evr: 8.44-4.el9
    sourcerpm: pcre-8.44-4.el9.src.rpm
  - url: https://cdn-ubi.redhat.com/content/public/ubi/dist/ubi9/9/x86_64/baseos/os/Packages/p/pcre2-10.40-6.el9.x86_64.rpm
    repoid: rhel-9-for-x86_64-baseos-eus-rpms
    size: 241900
    checksum: sha256:75db1e5a50e7b1794d7ba18212d95cd2684559da9e7c52eee46490302c7f24dd
    name: pcre2
    evr: 10.40-6.el9
    sourcerpm: pcre2-10.40-6.el9.src.rpm
  - url: https://cdn-ubi.redhat.com/content/public/ubi/dist/ubi9/9/x86_64/baseos/os/Packages/p/pcre2-syntax-10.40-6.el9.noarch.rpm
    repoid: rhel-9-for-x86_64-baseos-eus-rpms
    size: 147926
    checksum: sha256:d386b5e9b3a4b077b2ba143882e605750855dd3354f13c55fa12ed26908cb442
    name: pcre2-syntax
    evr: 10.40-6.el9
    sourcerpm: pcre2-10.40-6.el9.src.rpm
  - url: https://cdn-ubi.redhat.com/content/public/ubi/dist/ubi9/9/x86_64/baseos/os/Packages/p/protobuf-c-1.3.3-13.el9.x86_64.rpm
    repoid: rhel-9-for-x86_64-baseos-eus-rpms
    size: 38224
    checksum: sha256:9669f5bed1c9532ede399cd1ea6f8937ae7d18cfb56d59f2939a4b456390035f
    name: protobuf-c
    evr: 1.3.3-13.el9
    sourcerpm: protobuf-c-1.3.3-13.el9.src.rpm
  - url: https://cdn-ubi.redhat.com/content/public/ubi/dist/ubi9/9/x86_64/baseos/os/Packages/r/readline-8.1-4.el9.x86_64.rpm
    repoid: rhel-9-for-x86_64-baseos-eus-rpms
    size: 220174
    checksum: sha256:01bf315b3bc44c28515c4d33d49173b23d7979d2a09b7b15f749d434b60851e6
    name: readline
    evr: 8.1-4.el9
    sourcerpm: readline-8.1-4.el9.src.rpm
  - url: https://cdn-ubi.redhat.com/content/public/ubi/dist/ubi9/9/x86_64/baseos/os/Packages/r/redhat-release-9.8-1.0.el9.x86_64.rpm
    repoid: rhel-9-for-x86_64-baseos-eus-rpms
    size: 61742
    checksum: sha256:8157ed988fc34dcfeb6429272959471edd5bde4ac212f26611fd54c180391758
    name: redhat-release
    evr: 9.8-1.0.el9
    sourcerpm: redhat-release-9.8-1.0.el9.src.rpm
  - url: https://cdn-ubi.redhat.com/content/public/ubi/dist/ubi9/9/x86_64/baseos/os/Packages/s/sed-4.8-10.el9.x86_64.rpm
    repoid: rhel-9-for-x86_64-baseos-eus-rpms
    size: 317456
    checksum: sha256:45e246453dc9eb1bad6a71c6f349aad1b1b2e1bf3ec645b80f0ed04fe69c960e
    name: sed
    evr: 4.8-10.el9
    sourcerpm: sed-4.8-10.el9.src.rpm
  - url: https://cdn-ubi.redhat.com/content/public/ubi/dist/ubi9/9/x86_64/baseos/os/Packages/s/setup-2.13.7-10.el9.noarch.rpm
    repoid: rhel-9-for-x86_64-baseos-eus-rpms
    size: 153791
    checksum: sha256:0891d395ce067121c28932534237ad1ce231f2bfa987411ad62e73a12d11eb6a
    name: setup
    evr: 2.13.7-10.el9
    sourcerpm: setup-2.13.7-10.el9.src.rpm
  - url: https://cdn-ubi.redhat.com/content/public/ubi/dist/ubi9/9/x86_64/baseos/os/Packages/s/shadow-utils-4.9-16.el9.x86_64.rpm
    repoid: rhel-9-for-x86_64-baseos-eus-rpms
    size: 1250179
    checksum: sha256:17294ee3fbc09c1b5cfc4114d3815cbd92584d6d70a6288e1dce2fda0a62dc59
    name: shadow-utils
    evr: 2:4.9-16.el9
    sourcerpm: shadow-utils-4.9-16.el9.src.rpm
  - url: https://cdn-ubi.redhat.com/content/public/ubi/dist/ubi9/9/x86_64/baseos/os/Packages/s/shadow-utils-subid-4.9-16.el9.x86_64.rpm
    repoid: rhel-9-for-x86_64-baseos-eus-rpms
    size: 86705
    checksum: sha256:7ec945faa9fb963f46c863e8f32dd9192e60b548e126296b832b3ecd75f47b47
    name: shadow-utils-subid
    evr: 2:4.9-16.el9
    sourcerpm: shadow-utils-4.9-16.el9.src.rpm
  - url: https://cdn-ubi.redhat.com/content/public/ubi/dist/ubi9/9/x86_64/baseos/os/Packages/s/sqlite-libs-3.34.1-11.el9_8.x86_64.rpm
    repoid: rhel-9-for-x86_64-baseos-eus-rpms
    size: 665095
    checksum: sha256:e5c20e933ec01f746a6c59a94cb99f46c6138dab3f387f0d02dab47f356e2e98
    name: sqlite-libs
    evr: 3.34.1-11.el9_8
    sourcerpm: sqlite-3.34.1-11.el9_8.src.rpm
  - url: https://cdn-ubi.redhat.com/content/public/ubi/dist/ubi9/9/x86_64/baseos/os/Packages/s/systemd-libs-252-67.el9_8.6.x86_64.rpm
    repoid: rhel-9-for-x86_64-baseos-eus-rpms
    size: 662007
    checksum: sha256:d491d7375ed820bf4fa0d5f6d80a6f1a72cfa6ff31e79dabf9288246061cf88e
    name: systemd-libs
    evr: 252-67.el9_8.6
    sourcerpm: systemd-252-67.el9_8.6.src.rpm
  - url: https://cdn-ubi.redhat.com/content/public/ubi/dist/ubi9/9/x86_64/baseos/os/Packages/t/tar-1.34-13.el9_8.x86_64.rpm
    repoid: rhel-9-for-x86_64-baseos-eus-rpms
    size: 914200
    checksum: sha256:913d84cd94463e3f0400d80c6742a2974eeab6445ac71ff9eb802a70779c146f
    name: tar
    evr: 2:1.34-13.el9_8
    sourcerpm: tar-1.34-13.el9_8.src.rpm
  - url: https://cdn-ubi.redhat.com/content/public/ubi/dist/ubi9/9/x86_64/baseos/os/Packages/t/tzdata-2026c-1.el9_8.noarch.rpm
    repoid: rhel-9-for-x86_64-baseos-eus-rpms
    size: 933286
    checksum: sha256:8d6196e02853c0900c3c2e2367665beffb62cb2d0ff5f465ea2d00848a9a35dc
    name: tzdata
    evr: 2026c-1.el9_8
    sourcerpm: tzdata-2026c-1.el9_8.src.rpm
  - url: https://cdn-ubi.redhat.com/content/public/ubi/dist/ubi9/9/x86_64/baseos/os/Packages/x/xz-libs-5.2.5-8.el9_0.x86_64.rpm
    repoid: rhel-9-for-x86_64-baseos-eus-rpms
    size: 96649
    checksum: sha256:de263f880a4394f04b5e84254ba0a88d781b5bd63665c9e028bc10351490c982
    name: xz-libs
    evr: 5.2.5-8.el9_0
    sourcerpm: xz-5.2.5-8.el9_0.src.rpm
  - url: https://cdn-ubi.redhat.com/content/public/ubi/dist/ubi9/9/x86_64/baseos/os/Packages/z/zlib-1.2.11-40.el9.x86_64.rpm
    repoid: rhel-9-for-x86_64-baseos-eus-rpms
    size: 95708
    checksum: sha256:baf95ffbf40ee014135f16fe33e343faf7ff1ca06509fd97cd988e6afeabf670
    name: zlib
    evr: 1.2.11-40.el9
    sourcerpm: zlib-1.2.11-40.el9.src.rpm
  source: []
  module_metadata: []
