---
lockfileVersion: 1
lockfileVendor: redhat
arches:
- arch: x86_64
  packages:
  - url: https://cdn-ubi.redhat.com/content/public/ubi/dist/ubi9/9/x86_64/appstream/os/Packages/l/libnsl2-2.0.0-1.el9.x86_64.rpm
    repoid: ubi-9-appstream-rpms
    size: 33287
    checksum: sha256:052f7a182180528ba6e3c4378e5dcfb84640594a3e2e7bbe4f0167381e824ce0
    name: libnsl2
    evr: 2.0.0-1.el9
    sourcerpm: libnsl2-2.0.0-1.el9.src.rpm
  - url: https://cdn-ubi.redhat.com/content/public/ubi/dist/ubi9/9/x86_64/appstream/os/Packages/l/libxcrypt-compat-4.4.18-3.el9.x86_64.rpm
    repoid: ubi-9-appstream-rpms
    size: 93189
    checksum: sha256:2bd6c288e1970a001d3a1ae69166c0d926d9c87ce892edcb2110f4e142c12a7a
    name: libxcrypt-compat
    evr: 4.4.18-3.el9
    sourcerpm: libxcrypt-4.4.18-3.el9.src.rpm
  - url: https://cdn-ubi.redhat.com/content/public/ubi/dist/ubi9/9/x86_64/appstream/os/Packages/m/mpdecimal-2.5.1-3.el9.x86_64.rpm
    repoid: ubi-9-appstream-rpms
    size: 89670
    checksum: sha256:89a8c9951ac56bed2caa1adbcba349c021af1134b6e2df3fc0a8a60577a4f54d
    name: mpdecimal
    evr: 2.5.1-3.el9
    sourcerpm: mpdecimal-2.5.1-3.el9.src.rpm
  - url: https://cdn-ubi.redhat.com/content/public/ubi/dist/ubi9/9/x86_64/appstream/os/Packages/p/python3.11-3.11.9-7.el9_5.3.x86_64.rpm
    repoid: ubi-9-appstream-rpms
    size: 28320
    checksum: sha256:c8be086341ca561871a4c96a0bcd2f20b6797ccb59d7f0994d5e056efe1e35c0
    name: python3.11
    evr: 3.11.9-7.el9_5.3
    sourcerpm: python3.11-3.11.9-7.el9_5.3.src.rpm
  - url: https://cdn-ubi.redhat.com/content/public/ubi/dist/ubi9/9/x86_64/appstream/os/Packages/p/python3.11-libs-3.11.9-7.el9_5.3.x86_64.rpm
    repoid: ubi-9-appstream-rpms
    size: 10714150
    checksum: sha256:4d144e01b7c09954fcba601885c9184ef666e794a6141204ffe5cf8d066905d7
    name: python3.11-libs
    evr: 3.11.9-7.el9_5.3
    sourcerpm: python3.11-3.11.9-7.el9_5.3.src.rpm
  - url: https://cdn-ubi.redhat.com/content/public/ubi/dist/ubi9/9/x86_64/appstream/os/Packages/p/python3.11-pip-22.3.1-5.el9.noarch.rpm
    repoid: ubi-9-appstream-rpms
    size: 3358530
    checksum: sha256:c5c12f2941e65ea36b645ea215a62883fcfafc45931f0370153fecf752bde885
    name: python3.11-pip
    evr: 22.3.1-5.el9
    sourcerpm: python3.11-pip-22.3.1-5.el9.src.rpm
  - url: https://cdn-ubi.redhat.com/content/public/ubi/dist/ubi9/9/x86_64/appstream/os/Packages/p/python3.11-pip-wheel-22.3.1-5.el9.noarch.rpm
    repoid: ubi-9-appstream-rpms
    size: 1490893
    checksum: sha256:c7c531cbc553b7cbec0a3a61ed396aede78ec663ff77a118a60829b9505383ab
    name: python3.11-pip-wheel
    evr: 22.3.1-5.el9
    sourcerpm: python3.11-pip-22.3.1-5.el9.src.rpm
  - url: https://cdn-ubi.redhat.com/content/public/ubi/dist/ubi9/9/x86_64/appstream/os/Packages/p/python3.11-setuptools-65.5.1-3.el9.noarch.rpm
    repoid: ubi-9-appstream-rpms
    size: 1800394
    checksum: sha256:beae6c2ed08b28236462f282ad5a6b79bb320bc30be551621beb81df5ed10a08
    name: python3.11-setuptools
    evr: 65.5.1-3.el9
    sourcerpm: python3.11-setuptools-65.5.1-3.el9.src.rpm
  - url: https://cdn-ubi.redhat.com/content/public/ubi/dist/ubi9/9/x86_64/appstream/os/Packages/p/python3.11-setuptools-wheel-65.5.1-3.el9.noarch.rpm
    repoid: ubi-9-appstream-rpms
    size: 732455
    checksum: sha256:1c62d47b95503b00ba45db358d2611d94575a579e47fcaa0ce134ae21b4509de
    name: python3.11-setuptools-wheel
    evr: 65.5.1-3.el9
    sourcerpm: python3.11-setuptools-65.5.1-3.el9.src.rpm
  - url: https://cdn-ubi.redhat.com/content/public/ubi/dist/ubi9/9/x86_64/baseos/os/Packages/e/expat-2.5.0-3.el9_5.3.x86_64.rpm
    repoid: ubi-9-baseos-rpms
    size: 122357
    checksum: sha256:1f9ac75106263446eff27fb14e002ab228b57459b8830c58f4d1366a9987fbe5
    name: expat
    evr: 2.5.0-3.el9_5.3
    sourcerpm: expat-2.5.0-3.el9_5.3.src.rpm
  - url: https://cdn-ubi.redhat.com/content/public/ubi/dist/ubi9/9/x86_64/baseos/os/Packages/l/libtirpc-1.3.3-9.el9.x86_64.rpm
    repoid: ubi-9-baseos-rpms
    size: 98934
    checksum: sha256:f82cd69dc3aac881d5b574930c7d274687054cb5b03d3a8e3affa7bbcd5950b1
    name: libtirpc
    evr: 1.3.3-9.el9
    sourcerpm: libtirpc-1.3.3-9.el9.src.rpm
  - url: https://developer.download.nvidia.com/compute/cuda/repos/rhel9/x86_64/libcudnn9-cuda-11-9.10.0.56-1.x86_64.rpm
    repoid: cuda
    size: 398613740
    checksum: sha256:b787d73e4e7b7c9799511cad0ad1fc56b8e9f03fb4e52f6fdac6da3796e685a1
    name: libcudnn9-cuda-11
    evr: 9.10.0.56-1
    sourcerpm: cudnn9-cuda-11-9.10.0.56-1.src.rpm
  - url: https://developer.download.nvidia.com/compute/cuda/repos/rhel9/x86_64/libcusparselt0-0.7.1.0-1.x86_64.rpm
    repoid: cuda
    size: 288121905
    checksum: sha256:5c10a38471d9f966f023d33eb6c268615383485a2682e3de1a6175c262dff271
    name: libcusparselt0
    evr: 0.7.1.0-1
    sourcerpm: libcusparselt0-0.7.1.0-1.src.rpm
  - url: https://developer.download.nvidia.com/compute/cuda/repos/rhel9/x86_64/libnccl-2.26.5-1+cuda12.9.x86_64.rpm
    repoid: cuda
    size: 208529979
    checksum: sha256:a0cea3e5340c44b55eba14e8500ee5adbc88a997b6407117680a2b24197a58ad
    name: libnccl
    evr: 2.26.5-1+cuda12.9
    sourcerpm: libnccl-2.26.5-1+cuda12.9.src.rpm
  source: []
  module_metadata: []
