---
lockfileVersion: 1
lockfileVendor: redhat
arches:
- arch: x86_64
  packages:
  - url: https://cdn-ubi.redhat.com/content/public/ubi/dist/ubi9/9/x86_64/appstream/os/Packages/a/aardvark-dns-1.14.0-1.el9.x86_64.rpm
    repoid: ubi-9-for-x86_64-appstream-rpms
    size: 902510
    checksum: sha256:fa8aebd7bc20786b7b358bdefdf6f53e489a5491e07bf9a2e2157188bafc97e0
    name: aardvark-dns
    evr: 2:1.14.0-1.el9
    sourcerpm: aardvark-dns-1.14.0-1.el9.src.rpm
  - url: https://cdn-ubi.redhat.com/content/public/ubi/dist/ubi9/9/x86_64/appstream/os/Packages/b/buildah-1.39.4-2.el9_6.x86_64.rpm
    repoid: ubi-9-for-x86_64-appstream-rpms
    size: 11609572
    checksum: sha256:244a1f2e6b70c59c2baca0e0f678e1496760a54408114531f467be46c055f263
    name: buildah
    evr: 2:1.39.4-2.el9_6
    sourcerpm: buildah-1.39.4-2.el9_6.src.rpm
  - url: https://cdn-ubi.redhat.com/content/public/ubi/dist/ubi9/9/x86_64/appstream/os/Packages/c/containers-common-1-117.el9_6.x86_64.rpm
    repoid: ubi-9-for-x86_64-appstream-rpms
    size: 158417
    checksum: sha256:4a45b00847d30c3c804a6184af69e0e11836be975e51960596ce31c459a5d532
    name: containers-common
    evr: 2:1-117.el9_6
    sourcerpm: containers-common-1-117.el9_6.src.rpm
  - url: https://cdn-ubi.redhat.com/content/public/ubi/dist/ubi9/9/x86_64/appstream/os/Packages/c/containers-common-extra-1-117.el9_6.x86_64.rpm
    repoid: ubi-9-for-x86_64-appstream-rpms
    size: 10381
    checksum: sha256:3c8a936db74fc619ff09e033f4c774f75cdb64e1b11eb68c4e39e39d1ab11cde
    name: containers-common-extra
    evr: 2:1-117.el9_6
    sourcerpm: containers-common-1-117.el9_6.src.rpm
  - url: https://cdn-ubi.redhat.com/content/public/ubi/dist/ubi9/9/x86_64/appstream/os/Packages/c/criu-3.19-1.el9.x86_64.rpm
    repoid: ubi-9-for-x86_64-appstream-rpms
    size: 576009
    checksum: sha256:823ac6aab1745521039d5aa4db2e843cb632854449d5b06420eb52825a985b59
    name: criu
    evr: 3.19-1.el9
    sourcerpm: criu-3.19-1.el9.src.rpm
  - url: https://cdn-ubi.redhat.com/content/public/ubi/dist/ubi9/9/x86_64/appstream/os/Packages/c/criu-libs-3.19-1.el9.x86_64.rpm
    repoid: ubi-9-for-x86_64-appstream-rpms
    size: 33643
    checksum: sha256:bb821ddf9bd0321e0750d2fc5cadd5f531e67cafacf6d92512e714b31133a64d
    name: criu-libs
    evr: 3.19-1.el9
    sourcerpm: criu-3.19-1.el9.src.rpm
  - url: https://cdn-ubi.redhat.com/content/public/ubi/dist/ubi9/9/x86_64/appstream/os/Packages/c/crun-1.23.1-2.el9_6.x86_64.rpm
    repoid: ubi-9-for-x86_64-appstream-rpms
    size: 249255
    checksum: sha256:0f885a416fe6086cf8d5e2dca053fdc8366e7878be939da6fe049dbb685eaa06
    name: crun
    evr: 1.23.1-2.el9_6
    sourcerpm: crun-1.23.1-2.el9_6.src.rpm
  - url: https://cdn-ubi.redhat.com/content/public/ubi/dist/ubi9/9/x86_64/appstream/os/Packages/f/fuse-overlayfs-1.14-1.el9.x86_64.rpm
    repoid: ubi-9-for-x86_64-appstream-rpms
    size: 71022
    checksum: sha256:884e4034c930e0305d2402da2bdc1eac5a91295da06e554b75c1c9a4529ddbc2
    name: fuse-overlayfs
    evr: 1.14-1.el9
    sourcerpm: fuse-overlayfs-1.14-1.el9.src.rpm
  - url: https://cdn-ubi.redhat.com/content/public/ubi/dist/ubi9/9/x86_64/appstream/os/Packages/f/fuse3-3.10.2-9.el9.x86_64.rpm
    repoid: ubi-9-for-x86_64-appstream-rpms
    size: 58706
    checksum: sha256:4674b4ee6150c8f8be01a028a471c209a6be7c0cf78e9450cf28fb01eaed9ea2
    name: fuse3
    evr: 3.10.2-9.el9
    sourcerpm: fuse3-3.10.2-9.el9.src.rpm
  - url: https://cdn-ubi.redhat.com/content/public/ubi/dist/ubi9/9/x86_64/appstream/os/Packages/f/fuse3-libs-3.10.2-9.el9.x86_64.rpm
    repoid: ubi-9-for-x86_64-appstream-rpms
    size: 95573
    checksum: sha256:945e1d95edbce9c7dba52e9317d4564381efa5a1ba48d4bd49a58c85e47cd717
    name: fuse3-libs
    evr: 3.10.2-9.el9
    sourcerpm: fuse3-3.10.2-9.el9.src.rpm
  - url: https://cdn-ubi.redhat.com/content/public/ubi/dist/ubi9/9/x86_64/appstream/os/Packages/l/libnet-1.2-7.el9.x86_64.rpm
    repoid: ubi-9-for-x86_64-appstream-rpms
    size: 61278
    checksum: sha256:738b9a7ab78c149487e349d90c384b59031d5763ba687a6b58a4f853671af86b
    name: libnet
    evr: 1.2-7.el9
    sourcerpm: libnet-1.2-7.el9.src.rpm
  - url: https://cdn-ubi.redhat.com/content/public/ubi/dist/ubi9/9/x86_64/appstream/os/Packages/l/libnsl2-2.0.0-1.el9.x86_64.rpm
    repoid: ubi-9-for-x86_64-appstream-rpms
    size: 33287
    checksum: sha256:052f7a182180528ba6e3c4378e5dcfb84640594a3e2e7bbe4f0167381e824ce0
    name: libnsl2
    evr: 2.0.0-1.el9
    sourcerpm: libnsl2-2.0.0-1.el9.src.rpm
  - url: https://cdn-ubi.redhat.com/content/public/ubi/dist/ubi9/9/x86_64/appstream/os/Packages/l/libslirp-4.4.0-8.el9.x86_64.rpm
    repoid: ubi-9-for-x86_64-appstream-rpms
    size: 71992
    checksum: sha256:9bd269ec50504f997683e963481f870bb937c3cfdb54a057e9acca67bf2b7631
    name: libslirp
    evr: 4.4.0-8.el9
    sourcerpm: libslirp-4.4.0-8.el9.src.rpm
  - url: https://cdn-ubi.redhat.com/content/public/ubi/dist/ubi9/9/x86_64/appstream/os/Packages/l/libxcrypt-compat-4.4.18-3.el9.x86_64.rpm
    repoid: ubi-9-for-x86_64-appstream-rpms
    size: 93189
    checksum: sha256:2bd6c288e1970a001d3a1ae69166c0d926d9c87ce892edcb2110f4e142c12a7a
    name: libxcrypt-compat
    evr: 4.4.18-3.el9
    sourcerpm: libxcrypt-4.4.18-3.el9.src.rpm
  - url: https://cdn-ubi.redhat.com/content/public/ubi/dist/ubi9/9/x86_64/appstream/os/Packages/m/mpdecimal-2.5.1-3.el9.x86_64.rpm
    repoid: ubi-9-for-x86_64-appstream-rpms
    size: 89670
    checksum: sha256:89a8c9951ac56bed2caa1adbcba349c021af1134b6e2df3fc0a8a60577a4f54d
    name: mpdecimal
    evr: 2.5.1-3.el9
    sourcerpm: mpdecimal-2.5.1-3.el9.src.rpm
  - url: https://cdn-ubi.redhat.com/content/public/ubi/dist/ubi9/9/x86_64/appstream/os/Packages/n/netavark-1.14.1-1.el9_6.x86_64.rpm
    repoid: ubi-9-for-x86_64-appstream-rpms
    size: 3846970
    checksum: sha256:7409a5c09ec16c63c6ab1199f8bf3bb0bff7cae23aec14ae96885f73fda77b6e
    name: netavark
    evr: 2:1.14.1-1.el9_6
    sourcerpm: netavark-1.14.1-1.el9_6.src.rpm
  - url: https://cdn-ubi.redhat.com/content/public/ubi/dist/ubi9/9/x86_64/appstream/os/Packages/p/passt-0^20250217.ga1e48a0-10.el9_6.x86_64.rpm
    repoid: ubi-9-for-x86_64-appstream-rpms
    size: 268131
    checksum: sha256:d6ee97b3fd5226ecf3ee057aebbf395b5615a27d0f594b3fd1c1295d9cacdbb6
    name: passt
    evr: 0^20250217.ga1e48a0-10.el9_6
    sourcerpm: passt-0^20250217.ga1e48a0-10.el9_6.src.rpm
  - url: https://cdn-ubi.redhat.com/content/public/ubi/dist/ubi9/9/x86_64/appstream/os/Packages/p/python3.11-3.11.11-2.el9_6.2.x86_64.rpm
    repoid: ubi-9-for-x86_64-appstream-rpms
    size: 25148
    checksum: sha256:01129c3d24e06a4fadb253af466f145f1e82abb524e82670eb8ac155abc479a4
    name: python3.11
    evr: 3.11.11-2.el9_6.2
    sourcerpm: python3.11-3.11.11-2.el9_6.2.src.rpm
  - url: https://cdn-ubi.redhat.com/content/public/ubi/dist/ubi9/9/x86_64/appstream/os/Packages/p/python3.11-libs-3.11.11-2.el9_6.2.x86_64.rpm
    repoid: ubi-9-for-x86_64-appstream-rpms
    size: 10702100
    checksum: sha256:d3c49fc65788e11ee5375511d726e3c6ed6cf4be7206c57c0b7e73a5278a91cb
    name: python3.11-libs
    evr: 3.11.11-2.el9_6.2
    sourcerpm: python3.11-3.11.11-2.el9_6.2.src.rpm
  - url: https://cdn-ubi.redhat.com/content/public/ubi/dist/ubi9/9/x86_64/appstream/os/Packages/p/python3.11-pip-22.3.1-5.el9.noarch.rpm
    repoid: ubi-9-for-x86_64-appstream-rpms
    size: 3358530
    checksum: sha256:c5c12f2941e65ea36b645ea215a62883fcfafc45931f0370153fecf752bde885
    name: python3.11-pip
    evr: 22.3.1-5.el9
    sourcerpm: python3.11-pip-22.3.1-5.el9.src.rpm
  - url: https://cdn-ubi.redhat.com/content/public/ubi/dist/ubi9/9/x86_64/appstream/os/Packages/p/python3.11-pip-wheel-22.3.1-5.el9.noarch.rpm
    repoid: ubi-9-for-x86_64-appstream-rpms
    size: 1490893
    checksum: sha256:c7c531cbc553b7cbec0a3a61ed396aede78ec663ff77a118a60829b9505383ab
    name: python3.11-pip-wheel
    evr: 22.3.1-5.el9
    sourcerpm: python3.11-pip-22.3.1-5.el9.src.rpm
  - url: https://cdn-ubi.redhat.com/content/public/ubi/dist/ubi9/9/x86_64/appstream/os/Packages/p/python3.11-setuptools-65.5.1-4.el9_6.noarch.rpm
    repoid: ubi-9-for-x86_64-appstream-rpms
    size: 1794566
    checksum: sha256:15b72546d2964e02c54f0f9ed45dec5e7a5c179899668e020f920357705f7455
    name: python3.11-setuptools
    evr: 65.5.1-4.el9_6
    sourcerpm: python3.11-setuptools-65.5.1-4.el9_6.src.rpm
  - url: https://cdn-ubi.redhat.com/content/public/ubi/dist/ubi9/9/x86_64/appstream/os/Packages/p/python3.11-setuptools-wheel-65.5.1-4.el9_6.noarch.rpm
    repoid: ubi-9-for-x86_64-appstream-rpms
    size: 729097
    checksum: sha256:0887cbc9f8c1d8f73d6292d6ae4ac21db8da6fade83279fc40cd35f884cfcb70
    name: python3.11-setuptools-wheel
    evr: 65.5.1-4.el9_6
    sourcerpm: python3.11-setuptools-65.5.1-4.el9_6.src.rpm
  - url: https://cdn-ubi.redhat.com/content/public/ubi/dist/ubi9/9/x86_64/appstream/os/Packages/s/slirp4netns-1.3.2-1.el9.x86_64.rpm
    repoid: ubi-9-for-x86_64-appstream-rpms
    size: 50387
    checksum: sha256:25a2a6c5cee50c6f4693ee66c782e9644f4ba1fe410c795391afcc07546496e7
    name: slirp4netns
    evr: 1.3.2-1.el9
    sourcerpm: slirp4netns-1.3.2-1.el9.src.rpm
  - url: https://cdn-ubi.redhat.com/content/public/ubi/dist/ubi9/9/x86_64/appstream/os/Packages/y/yajl-2.1.0-25.el9.x86_64.rpm
    repoid: ubi-9-for-x86_64-appstream-rpms
    size: 42487
    checksum: sha256:f7503f34d5095303db5c57c70c5edb890dab7d0bba5920f3dcc44d7835449555
    name: yajl
    evr: 2.1.0-25.el9
    sourcerpm: yajl-2.1.0-25.el9.src.rpm
  - url: https://cdn-ubi.redhat.com/content/public/ubi/dist/ubi9/9/x86_64/baseos/os/Packages/e/expat-2.5.0-5.el9_6.x86_64.rpm
    repoid: ubi-9-for-x86_64-baseos-rpms
    size: 121835
    checksum: sha256:63522da84934e944305c9e206894031988ab9e561bba2e6c131d76093d1a0211
    name: expat
    evr: 2.5.0-5.el9_6
    sourcerpm: expat-2.5.0-5.el9_6.src.rpm
  - url: https://cdn-ubi.redhat.com/content/public/ubi/dist/ubi9/9/x86_64/baseos/os/Packages/f/fuse-common-3.10.2-9.el9.x86_64.rpm
    repoid: ubi-9-for-x86_64-baseos-rpms
    size: 8750
    checksum: sha256:548265cbee787fa659bc79c07e15a12007f39eb70e905bf660ec488f0bb8820f
    name: fuse-common
    evr: 3.10.2-9.el9
    sourcerpm: fuse3-3.10.2-9.el9.src.rpm
  - url: https://cdn-ubi.redhat.com/content/public/ubi/dist/ubi9/9/x86_64/baseos/os/Packages/i/iptables-libs-1.8.10-11.el9_5.x86_64.rpm
    repoid: ubi-9-for-x86_64-baseos-rpms
    size: 476678
    checksum: sha256:3e79ca4cc3d35c1f1e0ac6c9f05c5be56b7ab6dd1f8ae719a21ec1b9e3bfa018
    name: iptables-libs
    evr: 1.8.10-11.el9_5
    sourcerpm: iptables-1.8.10-11.el9_5.src.rpm
  - url: https://cdn-ubi.redhat.com/content/public/ubi/dist/ubi9/9/x86_64/baseos/os/Packages/i/iptables-nft-1.8.10-11.el9_5.x86_64.rpm
    repoid: ubi-9-for-x86_64-baseos-rpms
    size: 214056
    checksum: sha256:54e031813637738af285ff4b1c2e4a20b913f2ea643a29940a07ccaf8bd197f5
    name: iptables-nft
    evr: 1.8.10-11.el9_5
    sourcerpm: iptables-1.8.10-11.el9_5.src.rpm
  - url: https://cdn-ubi.redhat.com/content/public/ubi/dist/ubi9/9/x86_64/baseos/os/Packages/j/jansson-2.14-1.el9.x86_64.rpm
    repoid: ubi-9-for-x86_64-baseos-rpms
    size: 49137
    checksum: sha256:4e9aec51ee46d7265d6edd1245b5d5ab5e8336dc2a4ca17f2cace2ce8bae3761
    name: jansson
    evr: 2.14-1.el9
    sourcerpm: jansson-2.14-1.el9.src.rpm
  - url: https://cdn-ubi.redhat.com/content/public/ubi/dist/ubi9/9/x86_64/baseos/os/Packages/k/kmod-28-10.el9.x86_64.rpm
    repoid: ubi-9-for-x86_64-baseos-rpms
    size: 132888
    checksum: sha256:e9ccad17d4c6c30524ec5c2aab8d8d351f2776ab564baccdbd2df9b54e28baea
    name: kmod
    evr: 28-10.el9
    sourcerpm: kmod-28-10.el9.src.rpm
  - url: https://cdn-ubi.redhat.com/content/public/ubi/dist/ubi9/9/x86_64/baseos/os/Packages/l/libmnl-1.0.4-16.el9_4.x86_64.rpm
    repoid: ubi-9-for-x86_64-baseos-rpms
    size: 30949
    checksum: sha256:badfd4eb5b7cd3622da84168674002ec718ef810ce615a1113d3e19e265b777e
    name: libmnl
    evr: 1.0.4-16.el9_4
    sourcerpm: libmnl-1.0.4-16.el9_4.src.rpm
  - url: https://cdn-ubi.redhat.com/content/public/ubi/dist/ubi9/9/x86_64/baseos/os/Packages/l/libnetfilter_conntrack-1.0.9-1.el9.x86_64.rpm
    repoid: ubi-9-for-x86_64-baseos-rpms
    size: 62066
    checksum: sha256:beeb73e78390077c6afd9ed6177bad8bad278dbfaae9d90edf7243cdf6a44a3f
    name: libnetfilter_conntrack
    evr: 1.0.9-1.el9
    sourcerpm: libnetfilter_conntrack-1.0.9-1.el9.src.rpm
  - url: https://cdn-ubi.redhat.com/content/public/ubi/dist/ubi9/9/x86_64/baseos/os/Packages/l/libnfnetlink-1.0.1-23.el9_5.x86_64.rpm
    repoid: ubi-9-for-x86_64-baseos-rpms
    size: 32236
    checksum: sha256:177882bfe48c9c9effc7b1bce6b58b2466988c53e400c07fb1ba2d3a4ebe6f40
    name: libnfnetlink
    evr: 1.0.1-23.el9_5
    sourcerpm: libnfnetlink-1.0.1-23.el9_5.src.rpm
  - url: https://cdn-ubi.redhat.com/content/public/ubi/dist/ubi9/9/x86_64/baseos/os/Packages/l/libnftnl-1.2.6-4.el9_4.x86_64.rpm
    repoid: ubi-9-for-x86_64-baseos-rpms
    size: 91380
    checksum: sha256:e64d7b270be4be36af80ed220852cb760a1069e34667b1ba9eec7a02762a14bf
    name: libnftnl
    evr: 1.2.6-4.el9_4
    sourcerpm: libnftnl-1.2.6-4.el9_4.src.rpm
  - url: https://cdn-ubi.redhat.com/content/public/ubi/dist/ubi9/9/x86_64/baseos/os/Packages/l/libnl3-3.11.0-1.el9.x86_64.rpm
    repoid: ubi-9-for-x86_64-baseos-rpms
    size: 376137
    checksum: sha256:89728a253a5bf1c8e01c40573f1283d40188e003bdbd4ac565f8b0f05bced55c
    name: libnl3
    evr: 3.11.0-1.el9
    sourcerpm: libnl3-3.11.0-1.el9.src.rpm
  - url: https://cdn-ubi.redhat.com/content/public/ubi/dist/ubi9/9/x86_64/baseos/os/Packages/l/libseccomp-2.5.2-2.el9.x86_64.rpm
    repoid: ubi-9-for-x86_64-baseos-rpms
    size: 76200
    checksum: sha256:e2015f60dbe784330d5df43f3f05c68c307694600a636a1706bf86527cc82e82
    name: libseccomp
    evr: 2.5.2-2.el9
    sourcerpm: libseccomp-2.5.2-2.el9.src.rpm
  - url: https://cdn-ubi.redhat.com/content/public/ubi/dist/ubi9/9/x86_64/baseos/os/Packages/l/libtirpc-1.3.3-9.el9.x86_64.rpm
    repoid: ubi-9-for-x86_64-baseos-rpms
    size: 98934
    checksum: sha256:f82cd69dc3aac881d5b574930c7d274687054cb5b03d3a8e3affa7bbcd5950b1
    name: libtirpc
    evr: 1.3.3-9.el9
    sourcerpm: libtirpc-1.3.3-9.el9.src.rpm
  - url: https://cdn-ubi.redhat.com/content/public/ubi/dist/ubi9/9/x86_64/baseos/os/Packages/n/nftables-1.0.9-3.el9.x86_64.rpm
    repoid: ubi-9-for-x86_64-baseos-rpms
    size: 437243
    checksum: sha256:1e02a3396ca514706f1a0814e3e7a03f15cff6fb7af1d5b1bf49d3d991f0d927
    name: nftables
    evr: 1:1.0.9-3.el9
    sourcerpm: nftables-1.0.9-3.el9.src.rpm
  - url: https://cdn-ubi.redhat.com/content/public/ubi/dist/ubi9/9/x86_64/baseos/os/Packages/p/protobuf-c-1.3.3-13.el9.x86_64.rpm
    repoid: ubi-9-for-x86_64-baseos-rpms
    size: 38224
    checksum: sha256:9669f5bed1c9532ede399cd1ea6f8937ae7d18cfb56d59f2939a4b456390035f
    name: protobuf-c
    evr: 1.3.3-13.el9
    sourcerpm: protobuf-c-1.3.3-13.el9.src.rpm
  - url: https://cdn-ubi.redhat.com/content/public/ubi/dist/ubi9/9/x86_64/baseos/os/Packages/s/shadow-utils-subid-4.9-12.el9.x86_64.rpm
    repoid: ubi-9-for-x86_64-baseos-rpms
    size: 90389
    checksum: sha256:342ced93b6ca9b0fd884f990177f7b1e8a6bc35e0bb2a6d4b6684cf8f0062760
    name: shadow-utils-subid
    evr: 2:4.9-12.el9
    sourcerpm: shadow-utils-4.9-12.el9.src.rpm
  - url: https://cdn-ubi.redhat.com/content/public/ubi/dist/ubi9/9/x86_64/baseos/os/Packages/t/tar-1.34-7.el9.x86_64.rpm
    repoid: ubi-9-for-x86_64-baseos-rpms
    size: 910235
    checksum: sha256:17f2e592a2c04c050b690afeb9042e02521a0b5ee3288dad837463f4acf542c3
    name: tar
    evr: 2:1.34-7.el9
    sourcerpm: tar-1.34-7.el9.src.rpm
  - url: https://developer.download.nvidia.com/compute/cuda/repos/rhel9/x86_64/libcudnn9-cuda-11-9.10.2.21-1.x86_64.rpm
    repoid: cuda
    size: 398616123
    checksum: sha256:22bc8f51ca93ac615dd7bb8d9dd2e13445fceeea1c6febc9f06fbaca0b51292c
    name: libcudnn9-cuda-11
    evr: 9.10.2.21-1
    sourcerpm: cudnn9-cuda-11-9.10.2.21-1.src.rpm
  - url: https://developer.download.nvidia.com/compute/cuda/repos/rhel9/x86_64/libcusparselt0-0.7.1.0-1.x86_64.rpm
    repoid: cuda
    size: 288121905
    checksum: sha256:5c10a38471d9f966f023d33eb6c268615383485a2682e3de1a6175c262dff271
    name: libcusparselt0
    evr: 0.7.1.0-1
    sourcerpm: libcusparselt0-0.7.1.0-1.src.rpm
  - url: https://developer.download.nvidia.com/compute/cuda/repos/rhel9/x86_64/libnccl-2.28.7-1+cuda13.0.x86_64.rpm
    repoid: cuda
    size: 182365065
    checksum: sha256:d45b53822ae33bd31f9520febe5cc747d5696a03c6eba2bec7485e707d3b0851
    name: libnccl
    evr: 2.28.7-1+cuda13.0
    sourcerpm: libnccl-2.28.7-1+cuda13.0.src.rpm
  source: []
  module_metadata: []
