---
lockfileVersion: 1
lockfileVendor: redhat
arches:
- arch: x86_64
  packages:
  - url: https://cdn-ubi.redhat.com/content/public/ubi/dist/ubi9/9/x86_64/appstream/os/Packages/l/libnsl2-2.0.0-1.el9.x86_64.rpm
    repoid: ubi-9-for-x86_64-appstream-rpms
    size: 33287
    checksum: sha256:052f7a182180528ba6e3c4378e5dcfb84640594a3e2e7bbe4f0167381e824ce0
    name: libnsl2
    evr: 2.0.0-1.el9
    sourcerpm: libnsl2-2.0.0-1.el9.src.rpm
  - url: https://cdn-ubi.redhat.com/content/public/ubi/dist/ubi9/9/x86_64/appstream/os/Packages/m/mpdecimal-2.5.1-3.el9.x86_64.rpm
    repoid: ubi-9-for-x86_64-appstream-rpms
    size: 89670
    checksum: sha256:89a8c9951ac56bed2caa1adbcba349c021af1134b6e2df3fc0a8a60577a4f54d
    name: mpdecimal
    evr: 2.5.1-3.el9
    sourcerpm: mpdecimal-2.5.1-3.el9.src.rpm
  - url: https://cdn-ubi.redhat.com/content/public/ubi/dist/ubi9/9/x86_64/appstream/os/Packages/p/python3.12-3.12.9-1.el9_6.2.x86_64.rpm
    repoid: ubi-9-for-x86_64-appstream-rpms
    size: 27351
    checksum: sha256:cccf7261d10246f581f2aa9986b8d4b5f26710e01e21d2b41e3a834dc5449f78
    name: python3.12
    evr: 3.12.9-1.el9_6.2
    sourcerpm: python3.12-3.12.9-1.el9_6.2.src.rpm
  - url: https://cdn-ubi.redhat.com/content/public/ubi/dist/ubi9/9/x86_64/appstream/os/Packages/p/python3.12-libs-3.12.9-1.el9_6.2.x86_64.rpm
    repoid: ubi-9-for-x86_64-appstream-rpms
    size: 10192692
    checksum: sha256:bfd013072d128a7773cbd3c3ce5317b74a964120bece8dc6234129694792a9a4
    name: python3.12-libs
    evr: 3.12.9-1.el9_6.2
    sourcerpm: python3.12-3.12.9-1.el9_6.2.src.rpm
  - url: https://cdn-ubi.redhat.com/content/public/ubi/dist/ubi9/9/x86_64/appstream/os/Packages/p/python3.12-pip-23.2.1-4.el9.noarch.rpm
    repoid: ubi-9-for-x86_64-appstream-rpms
    size: 3377244
    checksum: sha256:d7fddc3a02b3cba2256034e3ed61378dc37bd6155f91f5feb7560c9ffeb5230e
    name: python3.12-pip
    evr: 23.2.1-4.el9
    sourcerpm: python3.12-pip-23.2.1-4.el9.src.rpm
  - url: https://cdn-ubi.redhat.com/content/public/ubi/dist/ubi9/9/x86_64/appstream/os/Packages/p/python3.12-pip-wheel-23.2.1-4.el9.noarch.rpm
    repoid: ubi-9-for-x86_64-appstream-rpms
    size: 1527656
    checksum: sha256:cfd0663b266ee59bc44afb5f4552941a74d2be1c2ef518c21b39b1647c0f9177
    name: python3.12-pip-wheel
    evr: 23.2.1-4.el9
    sourcerpm: python3.12-pip-23.2.1-4.el9.src.rpm
  - url: https://cdn-ubi.redhat.com/content/public/ubi/dist/ubi9/9/x86_64/appstream/os/Packages/p/python3.12-setuptools-68.2.2-5.el9_6.noarch.rpm
    repoid: ubi-9-for-x86_64-appstream-rpms
    size: 1654905
    checksum: sha256:6a7ea24faa6a5f2686b5e5b103a09f63b929b9bef70f1392dfea4ec5ef57c819
    name: python3.12-setuptools
    evr: 68.2.2-5.el9_6
    sourcerpm: python3.12-setuptools-68.2.2-5.el9_6.src.rpm
  - url: https://cdn-ubi.redhat.com/content/public/ubi/dist/ubi9/9/x86_64/baseos/os/Packages/l/libtirpc-1.3.3-9.el9.x86_64.rpm
    repoid: ubi-9-for-x86_64-baseos-rpms
    size: 98934
    checksum: sha256:f82cd69dc3aac881d5b574930c7d274687054cb5b03d3a8e3affa7bbcd5950b1
    name: libtirpc
    evr: 1.3.3-9.el9
    sourcerpm: libtirpc-1.3.3-9.el9.src.rpm
  - url: https://developer.download.nvidia.com/compute/cuda/repos/rhel9/x86_64/libcudnn9-cuda-11-9.10.2.21-1.x86_64.rpm
    repoid: cuda
    size: 398616123
    checksum: sha256:22bc8f51ca93ac615dd7bb8d9dd2e13445fceeea1c6febc9f06fbaca0b51292c
    name: libcudnn9-cuda-11
    evr: 9.10.2.21-1
    sourcerpm: cudnn9-cuda-11-9.10.2.21-1.src.rpm
  - url: https://developer.download.nvidia.com/compute/cuda/repos/rhel9/x86_64/libcusparselt0-0.7.1.0-1.x86_64.rpm
    repoid: cuda
    size: 288121905
    checksum: sha256:5c10a38471d9f966f023d33eb6c268615383485a2682e3de1a6175c262dff271
    name: libcusparselt0
    evr: 0.7.1.0-1
    sourcerpm: libcusparselt0-0.7.1.0-1.src.rpm
  source: []
  module_metadata: []
